
Microsoft Visual Studio Solution File, Format Version 12.00
# Visual Studio 15
VisualStudioVersion = 15.0.27004.2009
MinimumVisualStudioVersion = 10.0.40219.1
Project("{FAE04EC0-301F-11D3-BF4B-00C04F79EFBC}") = "App7.Android", "App7\App7.Android\App7.Android.csproj", "{0A0CB7BC-5A7E-465E-ABB0-AC824F0660E9}"
EndProject
Project("{FAE04EC0-301F-11D3-BF4B-00C04F79EFBC}") = "App7", "App7\App7\App7.csproj", "{E255B2C0-D841-45F5-8764-AE6BC5AC6795}"
EndProject
Project("{FAE04EC0-301F-11D3-BF4B-00C04F79EFBC}") = "App7.UWP", "App7\App7.UWP\App7.UWP.csproj", "{EC6E4665-F43D-4496-B39A-4B9BCB239499}"
EndProject
Project("{FAE04EC0-301F-11D3-BF4B-00C04F79EFBC}") = "App7.iOS", "App7\App7.iOS\App7.iOS.csproj", "{3ECF3302-AFBE-49AB-89D3-C5591C9F4BFC}"
EndProject
Project("{FAE04EC0-301F-11D3-BF4B-00C04F79EFBC}") = "UITest1", "UITest1\UITest1.csproj", "{A1264FD5-5310-48D2-A587-BF3B03E7BA46}"
EndProject
Global
	GlobalSection(SolutionConfigurationPlatforms) = preSolution
		Ad-Hoc|Any CPU = Ad-Hoc|Any CPU
		Ad-Hoc|ARM = Ad-Hoc|ARM
		Ad-Hoc|iPhone = Ad-Hoc|iPhone
		Ad-Hoc|iPhoneSimulator = Ad-Hoc|iPhoneSimulator
		Ad-Hoc|x64 = Ad-Hoc|x64
		Ad-Hoc|x86 = Ad-Hoc|x86
		AppStore|Any CPU = AppStore|Any CPU
		AppStore|ARM = AppStore|ARM
		AppStore|iPhone = AppStore|iPhone
		AppStore|iPhoneSimulator = AppStore|iPhoneSimulator
		AppStore|x64 = AppStore|x64
		AppStore|x86 = AppStore|x86
		Debug|Any CPU = Debug|Any CPU
		Debug|ARM = Debug|ARM
		Debug|iPhone = Debug|iPhone
		Debug|iPhoneSimulator = Debug|iPhoneSimulator
		Debug|x64 = Debug|x64
		Debug|x86 = Debug|x86
		Release|Any CPU = Release|Any CPU
		Release|ARM = Release|ARM
		Release|iPhone = Release|iPhone
		Release|iPhoneSimulator = Release|iPhoneSimulator
		Release|x64 = Release|x64
		Release|x86 = Release|x86
	EndGlobalSection
	GlobalSection(ProjectConfigurationPlatforms) = postSolution
		{0A0CB7BC-5A7E-465E-ABB0-AC824F0660E9}.Ad-Hoc|Any CPU.ActiveCfg = Release|Any CPU
		{0A0CB7BC-5A7E-465E-ABB0-AC824F0660E9}.Ad-Hoc|Any CPU.Build.0 = Release|Any CPU
		{0A0CB7BC-5A7E-465E-ABB0-AC824F0660E9}.Ad-Hoc|Any CPU.Deploy.0 = Release|Any CPU
		{0A0CB7BC-5A7E-465E-ABB0-AC824F0660E9}.Ad-Hoc|ARM.ActiveCfg = Release|Any CPU
		{0A0CB7BC-5A7E-465E-ABB0-AC824F0660E9}.Ad-Hoc|ARM.Build.0 = Release|Any CPU
		{0A0CB7BC-5A7E-465E-ABB0-AC824F0660E9}.Ad-Hoc|ARM.Deploy.0 = Release|Any CPU
		{0A0CB7BC-5A7E-465E-ABB0-AC824F0660E9}.Ad-Hoc|iPhone.ActiveCfg = Release|Any CPU
		{0A0CB7BC-5A7E-465E-ABB0-AC824F0660E9}.Ad-Hoc|iPhone.Build.0 = Release|Any CPU
		{0A0CB7BC-5A7E-465E-ABB0-AC824F0660E9}.Ad-Hoc|iPhone.Deploy.0 = Release|Any CPU
		{0A0CB7BC-5A7E-465E-ABB0-AC824F0660E9}.Ad-Hoc|iPhoneSimulator.ActiveCfg = Release|Any CPU
		{0A0CB7BC-5A7E-465E-ABB0-AC824F0660E9}.Ad-Hoc|iPhoneSimulator.Build.0 = Release|Any CPU
		{0A0CB7BC-5A7E-465E-ABB0-AC824F0660E9}.Ad-Hoc|iPhoneSimulator.Deploy.0 = Release|Any CPU
		{0A0CB7BC-5A7E-465E-ABB0-AC824F0660E9}.Ad-Hoc|x64.ActiveCfg = Release|Any CPU
		{0A0CB7BC-5A7E-465E-ABB0-AC824F0660E9}.Ad-Hoc|x64.Build.0 = Release|Any CPU
		{0A0CB7BC-5A7E-465E-ABB0-AC824F0660E9}.Ad-Hoc|x64.Deploy.0 = Release|Any CPU
		{0A0CB7BC-5A7E-465E-ABB0-AC824F0660E9}.Ad-Hoc|x86.ActiveCfg = Release|Any CPU
		{0A0CB7BC-5A7E-465E-ABB0-AC824F0660E9}.Ad-Hoc|x86.Build.0 = Release|Any CPU
		{0A0CB7BC-5A7E-465E-ABB0-AC824F0660E9}.Ad-Hoc|x86.Deploy.0 = Release|Any CPU
		{0A0CB7BC-5A7E-465E-ABB0-AC824F0660E9}.AppStore|Any CPU.ActiveCfg = Release|Any CPU
		{0A0CB7BC-5A7E-465E-ABB0-AC824F0660E9}.AppStore|Any CPU.Build.0 = Release|Any CPU
		{0A0CB7BC-5A7E-465E-ABB0-AC824F0660E9}.AppStore|Any CPU.Deploy.0 = Release|Any CPU
		{0A0CB7BC-5A7E-465E-ABB0-AC824F0660E9}.AppStore|ARM.ActiveCfg = Release|Any CPU
		{0A0CB7BC-5A7E-465E-ABB0-AC824F0660E9}.AppStore|ARM.Build.0 = Release|Any CPU
		{0A0CB7BC-5A7E-465E-ABB0-AC824F0660E9}.AppStore|ARM.Deploy.0 = Release|Any CPU
		{0A0CB7BC-5A7E-465E-ABB0-AC824F0660E9}.AppStore|iPhone.ActiveCfg = Release|Any CPU
		{0A0CB7BC-5A7E-465E-ABB0-AC824F0660E9}.AppStore|iPhone.Build.0 = Release|Any CPU
		{0A0CB7BC-5A7E-465E-ABB0-AC824F0660E9}.AppStore|iPhone.Deploy.0 = Release|Any CPU
		{0A0CB7BC-5A7E-465E-ABB0-AC824F0660E9}.AppStore|iPhoneSimulator.ActiveCfg = Release|Any CPU
		{0A0CB7BC-5A7E-465E-ABB0-AC824F0660E9}.AppStore|iPhoneSimulator.Build.0 = Release|Any CPU
		{0A0CB7BC-5A7E-465E-ABB0-AC824F0660E9}.AppStore|iPhoneSimulator.Deploy.0 = Release|Any CPU
		{0A0CB7BC-5A7E-465E-ABB0-AC824F0660E9}.AppStore|x64.ActiveCfg = Release|Any CPU
		{0A0CB7BC-5A7E-465E-ABB0-AC824F0660E9}.AppStore|x64.Build.0 = Release|Any CPU
		{0A0CB7BC-5A7E-465E-ABB0-AC824F0660E9}.AppStore|x64.Deploy.0 = Release|Any CPU
		{0A0CB7BC-5A7E-465E-ABB0-AC824F0660E9}.AppStore|x86.ActiveCfg = Release|Any CPU
		{0A0CB7BC-5A7E-465E-ABB0-AC824F0660E9}.AppStore|x86.Build.0 = Release|Any CPU
		{0A0CB7BC-5A7E-465E-ABB0-AC824F0660E9}.AppStore|x86.Deploy.0 = Release|Any CPU
		{0A0CB7BC-5A7E-465E-ABB0-AC824F0660E9}.Debug|Any CPU.ActiveCfg = Debug|Any CPU
		{0A0CB7BC-5A7E-465E-ABB0-AC824F0660E9}.Debug|Any CPU.Build.0 = Debug|Any CPU
		{0A0CB7BC-5A7E-465E-ABB0-AC824F0660E9}.Debug|Any CPU.Deploy.0 = Debug|Any CPU
		{0A0CB7BC-5A7E-465E-ABB0-AC824F0660E9}.Debug|ARM.ActiveCfg = Debug|Any CPU
		{0A0CB7BC-5A7E-465E-ABB0-AC824F0660E9}.Debug|ARM.Build.0 = Debug|Any CPU
		{0A0CB7BC-5A7E-465E-ABB0-AC824F0660E9}.Debug|ARM.Deploy.0 = Debug|Any CPU
		{0A0CB7BC-5A7E-465E-ABB0-AC824F0660E9}.Debug|iPhone.ActiveCfg = Debug|Any CPU
		{0A0CB7BC-5A7E-465E-ABB0-AC824F0660E9}.Debug|iPhone.Build.0 = Debug|Any CPU
		{0A0CB7BC-5A7E-465E-ABB0-AC824F0660E9}.Debug|iPhone.Deploy.0 = Debug|Any CPU
		{0A0CB7BC-5A7E-465E-ABB0-AC824F0660E9}.Debug|iPhoneSimulator.ActiveCfg = Debug|Any CPU
		{0A0CB7BC-5A7E-465E-ABB0-AC824F0660E9}.Debug|iPhoneSimulator.Build.0 = Debug|Any CPU
		{0A0CB7BC-5A7E-465E-ABB0-AC824F0660E9}.Debug|iPhoneSimulator.Deploy.0 = Debug|Any CPU
		{0A0CB7BC-5A7E-465E-ABB0-AC824F0660E9}.Debug|x64.ActiveCfg = Debug|Any CPU
		{0A0CB7BC-5A7E-465E-ABB0-AC824F0660E9}.Debug|x64.Build.0 = Debug|Any CPU
		{0A0CB7BC-5A7E-465E-ABB0-AC824F0660E9}.Debug|x64.Deploy.0 = Debug|Any CPU
		{0A0CB7BC-5A7E-465E-ABB0-AC824F0660E9}.Debug|x86.ActiveCfg = Debug|Any CPU
		{0A0CB7BC-5A7E-465E-ABB0-AC824F0660E9}.Debug|x86.Build.0 = Debug|Any CPU
		{0A0CB7BC-5A7E-465E-ABB0-AC824F0660E9}.Debug|x86.Deploy.0 = Debug|Any CPU
		{0A0CB7BC-5A7E-465E-ABB0-AC824F0660E9}.Release|Any CPU.ActiveCfg = Release|Any CPU
		{0A0CB7BC-5A7E-465E-ABB0-AC824F0660E9}.Release|Any CPU.Build.0 = Release|Any CPU
		{0A0CB7BC-5A7E-465E-ABB0-AC824F0660E9}.Release|Any CPU.Deploy.0 = Release|Any CPU
		{0A0CB7BC-5A7E-465E-ABB0-AC824F0660E9}.Release|ARM.ActiveCfg = Release|Any CPU
		{0A0CB7BC-5A7E-465E-ABB0-AC824F0660E9}.Release|ARM.Build.0 = Release|Any CPU
		{0A0CB7BC-5A7E-465E-ABB0-AC824F0660E9}.Release|ARM.Deploy.0 = Release|Any CPU
		{0A0CB7BC-5A7E-465E-ABB0-AC824F0660E9}.Release|iPhone.ActiveCfg = Release|Any CPU
		{0A0CB7BC-5A7E-465E-ABB0-AC824F0660E9}.Release|iPhone.Build.0 = Release|Any CPU
		{0A0CB7BC-5A7E-465E-ABB0-AC824F0660E9}.Release|iPhone.Deploy.0 = Release|Any CPU
		{0A0CB7BC-5A7E-465E-ABB0-AC824F0660E9}.Release|iPhoneSimulator.ActiveCfg = Release|Any CPU
		{0A0CB7BC-5A7E-465E-ABB0-AC824F0660E9}.Release|iPhoneSimulator.Build.0 = Release|Any CPU
		{0A0CB7BC-5A7E-465E-ABB0-AC824F0660E9}.Release|iPhoneSimulator.Deploy.0 = Release|Any CPU
		{0A0CB7BC-5A7E-465E-ABB0-AC824F0660E9}.Release|x64.ActiveCfg = Release|Any CPU
		{0A0CB7BC-5A7E-465E-ABB0-AC824F0660E9}.Release|x64.Build.0 = Release|Any CPU
		{0A0CB7BC-5A7E-465E-ABB0-AC824F0660E9}.Release|x64.Deploy.0 = Release|Any CPU
		{0A0CB7BC-5A7E-465E-ABB0-AC824F0660E9}.Release|x86.ActiveCfg = Release|Any CPU
		{0A0CB7BC-5A7E-465E-ABB0-AC824F0660E9}.Release|x86.Build.0 = Release|Any CPU
		{0A0CB7BC-5A7E-465E-ABB0-AC824F0660E9}.Release|x86.Deploy.0 = Release|Any CPU
		{E255B2C0-D841-45F5-8764-AE6BC5AC6795}.Ad-Hoc|Any CPU.ActiveCfg = Release|Any CPU
		{E255B2C0-D841-45F5-8764-AE6BC5AC6795}.Ad-Hoc|Any CPU.Build.0 = Release|Any CPU
		{E255B2C0-D841-45F5-8764-AE6BC5AC6795}.Ad-Hoc|ARM.ActiveCfg = Release|Any CPU
		{E255B2C0-D841-45F5-8764-AE6BC5AC6795}.Ad-Hoc|ARM.Build.0 = Release|Any CPU
		{E255B2C0-D841-45F5-8764-AE6BC5AC6795}.Ad-Hoc|iPhone.ActiveCfg = Release|Any CPU
		{E255B2C0-D841-45F5-8764-AE6BC5AC6795}.Ad-Hoc|iPhone.Build.0 = Release|Any CPU
		{E255B2C0-D841-45F5-8764-AE6BC5AC6795}.Ad-Hoc|iPhoneSimulator.ActiveCfg = Release|Any CPU
		{E255B2C0-D841-45F5-8764-AE6BC5AC6795}.Ad-Hoc|iPhoneSimulator.Build.0 = Release|Any CPU
		{E255B2C0-D841-45F5-8764-AE6BC5AC6795}.Ad-Hoc|x64.ActiveCfg = Release|Any CPU
		{E255B2C0-D841-45F5-8764-AE6BC5AC6795}.Ad-Hoc|x64.Build.0 = Release|Any CPU
		{E255B2C0-D841-45F5-8764-AE6BC5AC6795}.Ad-Hoc|x86.ActiveCfg = Release|Any CPU
		{E255B2C0-D841-45F5-8764-AE6BC5AC6795}.Ad-Hoc|x86.Build.0 = Release|Any CPU
		{E255B2C0-D841-45F5-8764-AE6BC5AC6795}.AppStore|Any CPU.ActiveCfg = Release|Any CPU
		{E255B2C0-D841-45F5-8764-AE6BC5AC6795}.AppStore|Any CPU.Build.0 = Release|Any CPU
		{E255B2C0-D841-45F5-8764-AE6BC5AC6795}.AppStore|ARM.ActiveCfg = Release|Any CPU
		{E255B2C0-D841-45F5-8764-AE6BC5AC6795}.AppStore|ARM.Build.0 = Release|Any CPU
		{E255B2C0-D841-45F5-8764-AE6BC5AC6795}.AppStore|iPhone.ActiveCfg = Release|Any CPU
		{E255B2C0-D841-45F5-8764-AE6BC5AC6795}.AppStore|iPhone.Build.0 = Release|Any CPU
		{E255B2C0-D841-45F5-8764-AE6BC5AC6795}.AppStore|iPhoneSimulator.ActiveCfg = Release|Any CPU
		{E255B2C0-D841-45F5-8764-AE6BC5AC6795}.AppStore|iPhoneSimulator.Build.0 = Release|Any CPU
		{E255B2C0-D841-45F5-8764-AE6BC5AC6795}.AppStore|x64.ActiveCfg = Release|Any CPU
		{E255B2C0-D841-45F5-8764-AE6BC5AC6795}.AppStore|x64.Build.0 = Release|Any CPU
		{E255B2C0-D841-45F5-8764-AE6BC5AC6795}.AppStore|x86.ActiveCfg = Release|Any CPU
		{E255B2C0-D841-45F5-8764-AE6BC5AC6795}.AppStore|x86.Build.0 = Release|Any CPU
		{E255B2C0-D841-45F5-8764-AE6BC5AC6795}.Debug|Any CPU.ActiveCfg = Debug|Any CPU
		{E255B2C0-D841-45F5-8764-AE6BC5AC6795}.Debug|Any CPU.Build.0 = Debug|Any CPU
		{E255B2C0-D841-45F5-8764-AE6BC5AC6795}.Debug|ARM.ActiveCfg = Debug|Any CPU
		{E255B2C0-D841-45F5-8764-AE6BC5AC6795}.Debug|ARM.Build.0 = Debug|Any CPU
		{E255B2C0-D841-45F5-8764-AE6BC5AC6795}.Debug|iPhone.ActiveCfg = Debug|Any CPU
		{E255B2C0-D841-45F5-8764-AE6BC5AC6795}.Debug|iPhone.Build.0 = Debug|Any CPU
		{E255B2C0-D841-45F5-8764-AE6BC5AC6795}.Debug|iPhoneSimulator.ActiveCfg = Debug|Any CPU
		{E255B2C0-D841-45F5-8764-AE6BC5AC6795}.Debug|iPhoneSimulator.Build.0 = Debug|Any CPU
		{E255B2C0-D841-45F5-8764-AE6BC5AC6795}.Debug|x64.ActiveCfg = Debug|Any CPU
		{E255B2C0-D841-45F5-8764-AE6BC5AC6795}.Debug|x64.Build.0 = Debug|Any CPU
		{E255B2C0-D841-45F5-8764-AE6BC5AC6795}.Debug|x86.ActiveCfg = Debug|Any CPU
		{E255B2C0-D841-45F5-8764-AE6BC5AC6795}.Debug|x86.Build.0 = Debug|Any CPU
		{E255B2C0-D841-45F5-8764-AE6BC5AC6795}.Release|Any CPU.ActiveCfg = Release|Any CPU
		{E255B2C0-D841-45F5-8764-AE6BC5AC6795}.Release|Any CPU.Build.0 = Release|Any CPU
		{E255B2C0-D841-45F5-8764-AE6BC5AC6795}.Release|ARM.ActiveCfg = Release|Any CPU
		{E255B2C0-D841-45F5-8764-AE6BC5AC6795}.Release|ARM.Build.0 = Release|Any CPU
		{E255B2C0-D841-45F5-8764-AE6BC5AC6795}.Release|iPhone.ActiveCfg = Release|Any CPU
		{E255B2C0-D841-45F5-8764-AE6BC5AC6795}.Release|iPhone.Build.0 = Release|Any CPU
		{E255B2C0-D841-45F5-8764-AE6BC5AC6795}.Release|iPhoneSimulator.ActiveCfg = Release|Any CPU
		{E255B2C0-D841-45F5-8764-AE6BC5AC6795}.Release|iPhoneSimulator.Build.0 = Release|Any CPU
		{E255B2C0-D841-45F5-8764-AE6BC5AC6795}.Release|x64.ActiveCfg = Release|Any CPU
		{E255B2C0-D841-45F5-8764-AE6BC5AC6795}.Release|x64.Build.0 = Release|Any CPU
		{E255B2C0-D841-45F5-8764-AE6BC5AC6795}.Release|x86.ActiveCfg = Release|Any CPU
		{E255B2C0-D841-45F5-8764-AE6BC5AC6795}.Release|x86.Build.0 = Release|Any CPU
		{EC6E4665-F43D-4496-B39A-4B9BCB239499}.Ad-Hoc|Any CPU.ActiveCfg = Release|x86
		{EC6E4665-F43D-4496-B39A-4B9BCB239499}.Ad-Hoc|Any CPU.Build.0 = Release|x86
		{EC6E4665-F43D-4496-B39A-4B9BCB239499}.Ad-Hoc|Any CPU.Deploy.0 = Release|x86
		{EC6E4665-F43D-4496-B39A-4B9BCB239499}.Ad-Hoc|ARM.ActiveCfg = Release|ARM
		{EC6E4665-F43D-4496-B39A-4B9BCB239499}.Ad-Hoc|ARM.Build.0 = Release|ARM
		{EC6E4665-F43D-4496-B39A-4B9BCB239499}.Ad-Hoc|ARM.Deploy.0 = Release|ARM
		{EC6E4665-F43D-4496-B39A-4B9BCB239499}.Ad-Hoc|iPhone.ActiveCfg = Release|x86
		{EC6E4665-F43D-4496-B39A-4B9BCB239499}.Ad-Hoc|iPhone.Build.0 = Release|x86
		{EC6E4665-F43D-4496-B39A-4B9BCB239499}.Ad-Hoc|iPhone.Deploy.0 = Release|x86
		{EC6E4665-F43D-4496-B39A-4B9BCB239499}.Ad-Hoc|iPhoneSimulator.ActiveCfg = Release|x86
		{EC6E4665-F43D-4496-B39A-4B9BCB239499}.Ad-Hoc|iPhoneSimulator.Build.0 = Release|x86
		{EC6E4665-F43D-4496-B39A-4B9BCB239499}.Ad-Hoc|iPhoneSimulator.Deploy.0 = Release|x86
		{EC6E4665-F43D-4496-B39A-4B9BCB239499}.Ad-Hoc|x64.ActiveCfg = Release|x64
		{EC6E4665-F43D-4496-B39A-4B9BCB239499}.Ad-Hoc|x64.Build.0 = Release|x64
		{EC6E4665-F43D-4496-B39A-4B9BCB239499}.Ad-Hoc|x64.Deploy.0 = Release|x64
		{EC6E4665-F43D-4496-B39A-4B9BCB239499}.Ad-Hoc|x86.ActiveCfg = Release|x86
		{EC6E4665-F43D-4496-B39A-4B9BCB239499}.Ad-Hoc|x86.Build.0 = Release|x86
		{EC6E4665-F43D-4496-B39A-4B9BCB239499}.Ad-Hoc|x86.Deploy.0 = Release|x86
		{EC6E4665-F43D-4496-B39A-4B9BCB239499}.AppStore|Any CPU.ActiveCfg = Release|x86
		{EC6E4665-F43D-4496-B39A-4B9BCB239499}.AppStore|Any CPU.Build.0 = Release|x86
		{EC6E4665-F43D-4496-B39A-4B9BCB239499}.AppStore|Any CPU.Deploy.0 = Release|x86
		{EC6E4665-F43D-4496-B39A-4B9BCB239499}.AppStore|ARM.ActiveCfg = Release|ARM
		{EC6E4665-F43D-4496-B39A-4B9BCB239499}.AppStore|ARM.Build.0 = Release|ARM
		{EC6E4665-F43D-4496-B39A-4B9BCB239499}.AppStore|ARM.Deploy.0 = Release|ARM
		{EC6E4665-F43D-4496-B39A-4B9BCB239499}.AppStore|iPhone.ActiveCfg = Release|x86
		{EC6E4665-F43D-4496-B39A-4B9BCB239499}.AppStore|iPhone.Build.0 = Release|x86
		{EC6E4665-F43D-4496-B39A-4B9BCB239499}.AppStore|iPhone.Deploy.0 = Release|x86
		{EC6E4665-F43D-4496-B39A-4B9BCB239499}.AppStore|iPhoneSimulator.ActiveCfg = Release|x86
		{EC6E4665-F43D-4496-B39A-4B9BCB239499}.AppStore|iPhoneSimulator.Build.0 = Release|x86
		{EC6E4665-F43D-4496-B39A-4B9BCB239499}.AppStore|iPhoneSimulator.Deploy.0 = Release|x86
		{EC6E4665-F43D-4496-B39A-4B9BCB239499}.AppStore|x64.ActiveCfg = Release|x64
		{EC6E4665-F43D-4496-B39A-4B9BCB239499}.AppStore|x64.Build.0 = Release|x64
		{EC6E4665-F43D-4496-B39A-4B9BCB239499}.AppStore|x64.Deploy.0 = Release|x64
		{EC6E4665-F43D-4496-B39A-4B9BCB239499}.AppStore|x86.ActiveCfg = Release|x86
		{EC6E4665-F43D-4496-B39A-4B9BCB239499}.AppStore|x86.Build.0 = Release|x86
		{EC6E4665-F43D-4496-B39A-4B9BCB239499}.AppStore|x86.Deploy.0 = Release|x86
		{EC6E4665-F43D-4496-B39A-4B9BCB239499}.Debug|Any CPU.ActiveCfg = Debug|x86
		{EC6E4665-F43D-4496-B39A-4B9BCB239499}.Debug|ARM.ActiveCfg = Debug|ARM
		{EC6E4665-F43D-4496-B39A-4B9BCB239499}.Debug|ARM.Build.0 = Debug|ARM
		{EC6E4665-F43D-4496-B39A-4B9BCB239499}.Debug|ARM.Deploy.0 = Debug|ARM
		{EC6E4665-F43D-4496-B39A-4B9BCB239499}.Debug|iPhone.ActiveCfg = Debug|x86
		{EC6E4665-F43D-4496-B39A-4B9BCB239499}.Debug|iPhoneSimulator.ActiveCfg = Debug|x86
		{EC6E4665-F43D-4496-B39A-4B9BCB239499}.Debug|x64.ActiveCfg = Debug|x64
		{EC6E4665-F43D-4496-B39A-4B9BCB239499}.Debug|x64.Build.0 = Debug|x64
		{EC6E4665-F43D-4496-B39A-4B9BCB239499}.Debug|x64.Deploy.0 = Debug|x64
		{EC6E4665-F43D-4496-B39A-4B9BCB239499}.Debug|x86.ActiveCfg = Debug|x86
		{EC6E4665-F43D-4496-B39A-4B9BCB239499}.Debug|x86.Build.0 = Debug|x86
		{EC6E4665-F43D-4496-B39A-4B9BCB239499}.Debug|x86.Deploy.0 = Debug|x86
		{EC6E4665-F43D-4496-B39A-4B9BCB239499}.Release|Any CPU.ActiveCfg = Release|x86
		{EC6E4665-F43D-4496-B39A-4B9BCB239499}.Release|ARM.ActiveCfg = Release|ARM
		{EC6E4665-F43D-4496-B39A-4B9BCB239499}.Release|ARM.Build.0 = Release|ARM
		{EC6E4665-F43D-4496-B39A-4B9BCB239499}.Release|ARM.Deploy.0 = Release|ARM
		{EC6E4665-F43D-4496-B39A-4B9BCB239499}.Release|iPhone.ActiveCfg = Release|x86
		{EC6E4665-F43D-4496-B39A-4B9BCB239499}.Release|iPhoneSimulator.ActiveCfg = Release|x86
		{EC6E4665-F43D-4496-B39A-4B9BCB239499}.Release|x64.ActiveCfg = Release|x64
		{EC6E4665-F43D-4496-B39A-4B9BCB239499}.Release|x64.Build.0 = Release|x64
		{EC6E4665-F43D-4496-B39A-4B9BCB239499}.Release|x64.Deploy.0 = Release|x64
		{EC6E4665-F43D-4496-B39A-4B9BCB239499}.Release|x86.ActiveCfg = Release|x86
		{EC6E4665-F43D-4496-B39A-4B9BCB239499}.Release|x86.Build.0 = Release|x86
		{EC6E4665-F43D-4496-B39A-4B9BCB239499}.Release|x86.Deploy.0 = Release|x86
		{3ECF3302-AFBE-49AB-89D3-C5591C9F4BFC}.Ad-Hoc|Any CPU.ActiveCfg = Ad-Hoc|iPhoneSimulator
		{3ECF3302-AFBE-49AB-89D3-C5591C9F4BFC}.Ad-Hoc|ARM.ActiveCfg = Ad-Hoc|iPhone
		{3ECF3302-AFBE-49AB-89D3-C5591C9F4BFC}.Ad-Hoc|iPhone.ActiveCfg = Ad-Hoc|iPhone
		{3ECF3302-AFBE-49AB-89D3-C5591C9F4BFC}.Ad-Hoc|iPhone.Build.0 = Ad-Hoc|iPhone
		{3ECF3302-AFBE-49AB-89D3-C5591C9F4BFC}.Ad-Hoc|iPhoneSimulator.ActiveCfg = Ad-Hoc|iPhoneSimulator
		{3ECF3302-AFBE-49AB-89D3-C5591C9F4BFC}.Ad-Hoc|iPhoneSimulator.Build.0 = Ad-Hoc|iPhoneSimulator
		{3ECF3302-AFBE-49AB-89D3-C5591C9F4BFC}.Ad-Hoc|x64.ActiveCfg = Ad-Hoc|iPhone
		{3ECF3302-AFBE-49AB-89D3-C5591C9F4BFC}.Ad-Hoc|x86.ActiveCfg = Ad-Hoc|iPhone
		{3ECF3302-AFBE-49AB-89D3-C5591C9F4BFC}.AppStore|Any CPU.ActiveCfg = AppStore|iPhoneSimulator
		{3ECF3302-AFBE-49AB-89D3-C5591C9F4BFC}.AppStore|ARM.ActiveCfg = AppStore|iPhone
		{3ECF3302-AFBE-49AB-89D3-C5591C9F4BFC}.AppStore|iPhone.ActiveCfg = AppStore|iPhone
		{3ECF3302-AFBE-49AB-89D3-C5591C9F4BFC}.AppStore|iPhone.Build.0 = AppStore|iPhone
		{3ECF3302-AFBE-49AB-89D3-C5591C9F4BFC}.AppStore|iPhoneSimulator.ActiveCfg = AppStore|iPhoneSimulator
		{3ECF3302-AFBE-49AB-89D3-C5591C9F4BFC}.AppStore|iPhoneSimulator.Build.0 = AppStore|iPhoneSimulator
		{3ECF3302-AFBE-49AB-89D3-C5591C9F4BFC}.AppStore|x64.ActiveCfg = AppStore|iPhone
		{3ECF3302-AFBE-49AB-89D3-C5591C9F4BFC}.AppStore|x86.ActiveCfg = AppStore|iPhone
		{3ECF3302-AFBE-49AB-89D3-C5591C9F4BFC}.Debug|Any CPU.ActiveCfg = Debug|iPhoneSimulator
		{3ECF3302-AFBE-49AB-89D3-C5591C9F4BFC}.Debug|ARM.ActiveCfg = Debug|iPhone
		{3ECF3302-AFBE-49AB-89D3-C5591C9F4BFC}.Debug|iPhone.ActiveCfg = Debug|iPhone
		{3ECF3302-AFBE-49AB-89D3-C5591C9F4BFC}.Debug|iPhone.Build.0 = Debug|iPhone
		{3ECF3302-AFBE-49AB-89D3-C5591C9F4BFC}.Debug|iPhoneSimulator.ActiveCfg = Debug|iPhoneSimulator
		{3ECF3302-AFBE-49AB-89D3-C5591C9F4BFC}.Debug|iPhoneSimulator.Build.0 = Debug|iPhoneSimulator
		{3ECF3302-AFBE-49AB-89D3-C5591C9F4BFC}.Debug|x64.ActiveCfg = Debug|iPhone
		{3ECF3302-AFBE-49AB-89D3-C5591C9F4BFC}.Debug|x86.ActiveCfg = Debug|iPhone
		{3ECF3302-AFBE-49AB-89D3-C5591C9F4BFC}.Release|Any CPU.ActiveCfg = Release|iPhoneSimulator
		{3ECF3302-AFBE-49AB-89D3-C5591C9F4BFC}.Release|ARM.ActiveCfg = Release|iPhone
		{3ECF3302-AFBE-49AB-89D3-C5591C9F4BFC}.Release|iPhone.ActiveCfg = Release|iPhone
		{3ECF3302-AFBE-49AB-89D3-C5591C9F4BFC}.Release|iPhone.Build.0 = Release|iPhone
		{3ECF3302-AFBE-49AB-89D3-C5591C9F4BFC}.Release|iPhoneSimulator.ActiveCfg = Release|iPhoneSimulator
		{3ECF3302-AFBE-49AB-89D3-C5591C9F4BFC}.Release|iPhoneSimulator.Build.0 = Release|iPhoneSimulator
		{3ECF3302-AFBE-49AB-89D3-C5591C9F4BFC}.Release|x64.ActiveCfg = Release|iPhone
		{3ECF3302-AFBE-49AB-89D3-C5591C9F4BFC}.Release|x86.ActiveCfg = Release|iPhone
		{A1264FD5-5310-48D2-A587-BF3B03E7BA46}.Ad-Hoc|Any CPU.ActiveCfg = Release|Any CPU
		{A1264FD5-5310-48D2-A587-BF3B03E7BA46}.Ad-Hoc|Any CPU.Build.0 = Release|Any CPU
		{A1264FD5-5310-48D2-A587-BF3B03E7BA46}.Ad-Hoc|ARM.ActiveCfg = Release|Any CPU
		{A1264FD5-5310-48D2-A587-BF3B03E7BA46}.Ad-Hoc|ARM.Build.0 = Release|Any CPU
		{A1264FD5-5310-48D2-A587-BF3B03E7BA46}.Ad-Hoc|iPhone.ActiveCfg = Release|Any CPU
		{A1264FD5-5310-48D2-A587-BF3B03E7BA46}.Ad-Hoc|iPhone.Build.0 = Release|Any CPU
		{A1264FD5-5310-48D2-A587-BF3B03E7BA46}.Ad-Hoc|iPhoneSimulator.ActiveCfg = Release|Any CPU
		{A1264FD5-5310-48D2-A587-BF3B03E7BA46}.Ad-Hoc|iPhoneSimulator.Build.0 = Release|Any CPU
		{A1264FD5-5310-48D2-A587-BF3B03E7BA46}.Ad-Hoc|x64.ActiveCfg = Release|Any CPU
		{A1264FD5-5310-48D2-A587-BF3B03E7BA46}.Ad-Hoc|x64.Build.0 = Release|Any CPU
		{A1264FD5-5310-48D2-A587-BF3B03E7BA46}.Ad-Hoc|x86.ActiveCfg = Release|Any CPU
		{A1264FD5-5310-48D2-A587-BF3B03E7BA46}.Ad-Hoc|x86.Build.0 = Release|Any CPU
		{A1264FD5-5310-48D2-A587-BF3B03E7BA46}.AppStore|Any CPU.ActiveCfg = Release|Any CPU
		{A1264FD5-5310-48D2-A587-BF3B03E7BA46}.AppStore|Any CPU.Build.0 = Release|Any CPU
		{A1264FD5-5310-48D2-A587-BF3B03E7BA46}.AppStore|ARM.ActiveCfg = Release|Any CPU
		{A1264FD5-5310-48D2-A587-BF3B03E7BA46}.AppStore|ARM.Build.0 = Release|Any CPU
		{A1264FD5-5310-48D2-A587-BF3B03E7BA46}.AppStore|iPhone.ActiveCfg = Release|Any CPU
		{A1264FD5-5310-48D2-A587-BF3B03E7BA46}.AppStore|iPhone.Build.0 = Release|Any CPU
		{A1264FD5-5310-48D2-A587-BF3B03E7BA46}.AppStore|iPhoneSimulator.ActiveCfg = Release|Any CPU
		{A1264FD5-5310-48D2-A587-BF3B03E7BA46}.AppStore|iPhoneSimulator.Build.0 = Release|Any CPU
		{A1264FD5-5310-48D2-A587-BF3B03E7BA46}.AppStore|x64.ActiveCfg = Release|Any CPU
		{A1264FD5-5310-48D2-A587-BF3B03E7BA46}.AppStore|x64.Build.0 = Release|Any CPU
		{A1264FD5-5310-48D2-A587-BF3B03E7BA46}.AppStore|x86.ActiveCfg = Release|Any CPU
		{A1264FD5-5310-48D2-A587-BF3B03E7BA46}.AppStore|x86.Build.0 = Release|Any CPU
		{A1264FD5-5310-48D2-A587-BF3B03E7BA46}.Debug|Any CPU.ActiveCfg = Debug|Any CPU
		{A1264FD5-5310-48D2-A587-BF3B03E7BA46}.Debug|Any CPU.Build.0 = Debug|Any CPU
		{A1264FD5-5310-48D2-A587-BF3B03E7BA46}.Debug|ARM.ActiveCfg = Debug|Any CPU
		{A1264FD5-5310-48D2-A587-BF3B03E7BA46}.Debug|ARM.Build.0 = Debug|Any CPU
		{A1264FD5-5310-48D2-A587-BF3B03E7BA46}.Debug|iPhone.ActiveCfg = Debug|Any CPU
		{A1264FD5-5310-48D2-A587-BF3B03E7BA46}.Debug|iPhone.Build.0 = Debug|Any CPU
		{A1264FD5-5310-48D2-A587-BF3B03E7BA46}.Debug|iPhoneSimulator.ActiveCfg = Debug|Any CPU
		{A1264FD5-5310-48D2-A587-BF3B03E7BA46}.Debug|iPhoneSimulator.Build.0 = Debug|Any CPU
		{A1264FD5-5310-48D2-A587-BF3B03E7BA46}.Debug|x64.ActiveCfg = Debug|Any CPU
		{A1264FD5-5310-48D2-A587-BF3B03E7BA46}.Debug|x64.Build.0 = Debug|Any CPU
		{A1264FD5-5310-48D2-A587-BF3B03E7BA46}.Debug|x86.ActiveCfg = Debug|Any CPU
		{A1264FD5-5310-48D2-A587-BF3B03E7BA46}.Debug|x86.Build.0 = Debug|Any CPU
		{A1264FD5-5310-48D2-A587-BF3B03E7BA46}.Release|Any CPU.ActiveCfg = Release|Any CPU
		{A1264FD5-5310-48D2-A587-BF3B03E7BA46}.Release|Any CPU.Build.0 = Release|Any CPU
		{A1264FD5-5310-48D2-A587-BF3B03E7BA46}.Release|ARM.ActiveCfg = Release|Any CPU
		{A1264FD5-5310-48D2-A587-BF3B03E7BA46}.Release|ARM.Build.0 = Release|Any CPU
		{A1264FD5-5310-48D2-A587-BF3B03E7BA46}.Release|iPhone.ActiveCfg = Release|Any CPU
		{A1264FD5-5310-48D2-A587-BF3B03E7BA46}.Release|iPhone.Build.0 = Release|Any CPU
		{A1264FD5-5310-48D2-A587-BF3B03E7BA46}.Release|iPhoneSimulator.ActiveCfg = Release|Any CPU
		{A1264FD5-5310-48D2-A587-BF3B03E7BA46}.Release|iPhoneSimulator.Build.0 = Release|Any CPU
		{A1264FD5-5310-48D2-A587-BF3B03E7BA46}.Release|x64.ActiveCfg = Release|Any CPU
		{A1264FD5-5310-48D2-A587-BF3B03E7BA46}.Release|x64.Build.0 = Release|Any CPU
		{A1264FD5-5310-48D2-A587-BF3B03E7BA46}.Release|x86.ActiveCfg = Release|Any CPU
		{A1264FD5-5310-48D2-A587-BF3B03E7BA46}.Release|x86.Build.0 = Release|Any CPU
	EndGlobalSection
	GlobalSection(SolutionProperties) = preSolution
		HideSolutionNode = FALSE
	EndGlobalSection
	GlobalSection(ExtensibilityGlobals) = postSolution
		SolutionGuid = {BB1CD902-65EE-41AF-BCAB-5C6B86BC8C7A}
	EndGlobalSection
EndGlobal
