
Microsoft Visual Studio Solution File, Format Version 12.00
# Visual Studio 15
VisualStudioVersion = 15.0.27004.2009
MinimumVisualStudioVersion = 10.0.40219.1
Project("{FAE04EC0-301F-11D3-BF4B-00C04F79EFBC}") = "App6.Android", "App6\App6.Android\App6.Android.csproj", "{502B0CBA-52D3-4682-A421-357F05F8EEC5}"
EndProject
Project("{FAE04EC0-301F-11D3-BF4B-00C04F79EFBC}") = "App6", "App6\App6\App6.csproj", "{5F5F9CF3-B4CE-47C6-ADC1-8C0FA3A0F784}"
EndProject
Project("{FAE04EC0-301F-11D3-BF4B-00C04F79EFBC}") = "App6.UWP", "App6\App6.UWP\App6.UWP.csproj", "{24514B0A-61F5-40A2-AE68-727C080FEE28}"
EndProject
Project("{FAE04EC0-301F-11D3-BF4B-00C04F79EFBC}") = "App6.iOS", "App6\App6.iOS\App6.iOS.csproj", "{B8D3989C-1B85-4C78-863B-7E5116575E30}"
EndProject
Global
	GlobalSection(SolutionConfigurationPlatforms) = preSolution
		Ad-Hoc|Any CPU = Ad-Hoc|Any CPU
		Ad-Hoc|ARM = Ad-Hoc|ARM
		Ad-Hoc|iPhone = Ad-Hoc|iPhone
		Ad-Hoc|iPhoneSimulator = Ad-Hoc|iPhoneSimulator
		Ad-Hoc|x64 = Ad-Hoc|x64
		Ad-Hoc|x86 = Ad-Hoc|x86
		AppStore|Any CPU = AppStore|Any CPU
		AppStore|ARM = AppStore|ARM
		AppStore|iPhone = AppStore|iPhone
		AppStore|iPhoneSimulator = AppStore|iPhoneSimulator
		AppStore|x64 = AppStore|x64
		AppStore|x86 = AppStore|x86
		Debug|Any CPU = Debug|Any CPU
		Debug|ARM = Debug|ARM
		Debug|iPhone = Debug|iPhone
		Debug|iPhoneSimulator = Debug|iPhoneSimulator
		Debug|x64 = Debug|x64
		Debug|x86 = Debug|x86
		Release|Any CPU = Release|Any CPU
		Release|ARM = Release|ARM
		Release|iPhone = Release|iPhone
		Release|iPhoneSimulator = Release|iPhoneSimulator
		Release|x64 = Release|x64
		Release|x86 = Release|x86
	EndGlobalSection
	GlobalSection(ProjectConfigurationPlatforms) = postSolution
		{502B0CBA-52D3-4682-A421-357F05F8EEC5}.Ad-Hoc|Any CPU.ActiveCfg = Release|Any CPU
		{502B0CBA-52D3-4682-A421-357F05F8EEC5}.Ad-Hoc|Any CPU.Build.0 = Release|Any CPU
		{502B0CBA-52D3-4682-A421-357F05F8EEC5}.Ad-Hoc|Any CPU.Deploy.0 = Release|Any CPU
		{502B0CBA-52D3-4682-A421-357F05F8EEC5}.Ad-Hoc|ARM.ActiveCfg = Release|Any CPU
		{502B0CBA-52D3-4682-A421-357F05F8EEC5}.Ad-Hoc|ARM.Build.0 = Release|Any CPU
		{502B0CBA-52D3-4682-A421-357F05F8EEC5}.Ad-Hoc|ARM.Deploy.0 = Release|Any CPU
		{502B0CBA-52D3-4682-A421-357F05F8EEC5}.Ad-Hoc|iPhone.ActiveCfg = Release|Any CPU
		{502B0CBA-52D3-4682-A421-357F05F8EEC5}.Ad-Hoc|iPhone.Build.0 = Release|Any CPU
		{502B0CBA-52D3-4682-A421-357F05F8EEC5}.Ad-Hoc|iPhone.Deploy.0 = Release|Any CPU
		{502B0CBA-52D3-4682-A421-357F05F8EEC5}.Ad-Hoc|iPhoneSimulator.ActiveCfg = Release|Any CPU
		{502B0CBA-52D3-4682-A421-357F05F8EEC5}.Ad-Hoc|iPhoneSimulator.Build.0 = Release|Any CPU
		{502B0CBA-52D3-4682-A421-357F05F8EEC5}.Ad-Hoc|iPhoneSimulator.Deploy.0 = Release|Any CPU
		{502B0CBA-52D3-4682-A421-357F05F8EEC5}.Ad-Hoc|x64.ActiveCfg = Release|Any CPU
		{502B0CBA-52D3-4682-A421-357F05F8EEC5}.Ad-Hoc|x64.Build.0 = Release|Any CPU
		{502B0CBA-52D3-4682-A421-357F05F8EEC5}.Ad-Hoc|x64.Deploy.0 = Release|Any CPU
		{502B0CBA-52D3-4682-A421-357F05F8EEC5}.Ad-Hoc|x86.ActiveCfg = Release|Any CPU
		{502B0CBA-52D3-4682-A421-357F05F8EEC5}.Ad-Hoc|x86.Build.0 = Release|Any CPU
		{502B0CBA-52D3-4682-A421-357F05F8EEC5}.Ad-Hoc|x86.Deploy.0 = Release|Any CPU
		{502B0CBA-52D3-4682-A421-357F05F8EEC5}.AppStore|Any CPU.ActiveCfg = Release|Any CPU
		{502B0CBA-52D3-4682-A421-357F05F8EEC5}.AppStore|Any CPU.Build.0 = Release|Any CPU
		{502B0CBA-52D3-4682-A421-357F05F8EEC5}.AppStore|Any CPU.Deploy.0 = Release|Any CPU
		{502B0CBA-52D3-4682-A421-357F05F8EEC5}.AppStore|ARM.ActiveCfg = Release|Any CPU
		{502B0CBA-52D3-4682-A421-357F05F8EEC5}.AppStore|ARM.Build.0 = Release|Any CPU
		{502B0CBA-52D3-4682-A421-357F05F8EEC5}.AppStore|ARM.Deploy.0 = Release|Any CPU
		{502B0CBA-52D3-4682-A421-357F05F8EEC5}.AppStore|iPhone.ActiveCfg = Release|Any CPU
		{502B0CBA-52D3-4682-A421-357F05F8EEC5}.AppStore|iPhone.Build.0 = Release|Any CPU
		{502B0CBA-52D3-4682-A421-357F05F8EEC5}.AppStore|iPhone.Deploy.0 = Release|Any CPU
		{502B0CBA-52D3-4682-A421-357F05F8EEC5}.AppStore|iPhoneSimulator.ActiveCfg = Release|Any CPU
		{502B0CBA-52D3-4682-A421-357F05F8EEC5}.AppStore|iPhoneSimulator.Build.0 = Release|Any CPU
		{502B0CBA-52D3-4682-A421-357F05F8EEC5}.AppStore|iPhoneSimulator.Deploy.0 = Release|Any CPU
		{502B0CBA-52D3-4682-A421-357F05F8EEC5}.AppStore|x64.ActiveCfg = Release|Any CPU
		{502B0CBA-52D3-4682-A421-357F05F8EEC5}.AppStore|x64.Build.0 = Release|Any CPU
		{502B0CBA-52D3-4682-A421-357F05F8EEC5}.AppStore|x64.Deploy.0 = Release|Any CPU
		{502B0CBA-52D3-4682-A421-357F05F8EEC5}.AppStore|x86.ActiveCfg = Release|Any CPU
		{502B0CBA-52D3-4682-A421-357F05F8EEC5}.AppStore|x86.Build.0 = Release|Any CPU
		{502B0CBA-52D3-4682-A421-357F05F8EEC5}.AppStore|x86.Deploy.0 = Release|Any CPU
		{502B0CBA-52D3-4682-A421-357F05F8EEC5}.Debug|Any CPU.ActiveCfg = Debug|Any CPU
		{502B0CBA-52D3-4682-A421-357F05F8EEC5}.Debug|Any CPU.Build.0 = Debug|Any CPU
		{502B0CBA-52D3-4682-A421-357F05F8EEC5}.Debug|Any CPU.Deploy.0 = Debug|Any CPU
		{502B0CBA-52D3-4682-A421-357F05F8EEC5}.Debug|ARM.ActiveCfg = Debug|Any CPU
		{502B0CBA-52D3-4682-A421-357F05F8EEC5}.Debug|ARM.Build.0 = Debug|Any CPU
		{502B0CBA-52D3-4682-A421-357F05F8EEC5}.Debug|ARM.Deploy.0 = Debug|Any CPU
		{502B0CBA-52D3-4682-A421-357F05F8EEC5}.Debug|iPhone.ActiveCfg = Debug|Any CPU
		{502B0CBA-52D3-4682-A421-357F05F8EEC5}.Debug|iPhone.Build.0 = Debug|Any CPU
		{502B0CBA-52D3-4682-A421-357F05F8EEC5}.Debug|iPhone.Deploy.0 = Debug|Any CPU
		{502B0CBA-52D3-4682-A421-357F05F8EEC5}.Debug|iPhoneSimulator.ActiveCfg = Debug|Any CPU
		{502B0CBA-52D3-4682-A421-357F05F8EEC5}.Debug|iPhoneSimulator.Build.0 = Debug|Any CPU
		{502B0CBA-52D3-4682-A421-357F05F8EEC5}.Debug|iPhoneSimulator.Deploy.0 = Debug|Any CPU
		{502B0CBA-52D3-4682-A421-357F05F8EEC5}.Debug|x64.ActiveCfg = Debug|Any CPU
		{502B0CBA-52D3-4682-A421-357F05F8EEC5}.Debug|x64.Build.0 = Debug|Any CPU
		{502B0CBA-52D3-4682-A421-357F05F8EEC5}.Debug|x64.Deploy.0 = Debug|Any CPU
		{502B0CBA-52D3-4682-A421-357F05F8EEC5}.Debug|x86.ActiveCfg = Debug|Any CPU
		{502B0CBA-52D3-4682-A421-357F05F8EEC5}.Debug|x86.Build.0 = Debug|Any CPU
		{502B0CBA-52D3-4682-A421-357F05F8EEC5}.Debug|x86.Deploy.0 = Debug|Any CPU
		{502B0CBA-52D3-4682-A421-357F05F8EEC5}.Release|Any CPU.ActiveCfg = Release|Any CPU
		{502B0CBA-52D3-4682-A421-357F05F8EEC5}.Release|Any CPU.Build.0 = Release|Any CPU
		{502B0CBA-52D3-4682-A421-357F05F8EEC5}.Release|Any CPU.Deploy.0 = Release|Any CPU
		{502B0CBA-52D3-4682-A421-357F05F8EEC5}.Release|ARM.ActiveCfg = Release|Any CPU
		{502B0CBA-52D3-4682-A421-357F05F8EEC5}.Release|ARM.Build.0 = Release|Any CPU
		{502B0CBA-52D3-4682-A421-357F05F8EEC5}.Release|ARM.Deploy.0 = Release|Any CPU
		{502B0CBA-52D3-4682-A421-357F05F8EEC5}.Release|iPhone.ActiveCfg = Release|Any CPU
		{502B0CBA-52D3-4682-A421-357F05F8EEC5}.Release|iPhone.Build.0 = Release|Any CPU
		{502B0CBA-52D3-4682-A421-357F05F8EEC5}.Release|iPhone.Deploy.0 = Release|Any CPU
		{502B0CBA-52D3-4682-A421-357F05F8EEC5}.Release|iPhoneSimulator.ActiveCfg = Release|Any CPU
		{502B0CBA-52D3-4682-A421-357F05F8EEC5}.Release|iPhoneSimulator.Build.0 = Release|Any CPU
		{502B0CBA-52D3-4682-A421-357F05F8EEC5}.Release|iPhoneSimulator.Deploy.0 = Release|Any CPU
		{502B0CBA-52D3-4682-A421-357F05F8EEC5}.Release|x64.ActiveCfg = Release|Any CPU
		{502B0CBA-52D3-4682-A421-357F05F8EEC5}.Release|x64.Build.0 = Release|Any CPU
		{502B0CBA-52D3-4682-A421-357F05F8EEC5}.Release|x64.Deploy.0 = Release|Any CPU
		{502B0CBA-52D3-4682-A421-357F05F8EEC5}.Release|x86.ActiveCfg = Release|Any CPU
		{502B0CBA-52D3-4682-A421-357F05F8EEC5}.Release|x86.Build.0 = Release|Any CPU
		{502B0CBA-52D3-4682-A421-357F05F8EEC5}.Release|x86.Deploy.0 = Release|Any CPU
		{5F5F9CF3-B4CE-47C6-ADC1-8C0FA3A0F784}.Ad-Hoc|Any CPU.ActiveCfg = Release|Any CPU
		{5F5F9CF3-B4CE-47C6-ADC1-8C0FA3A0F784}.Ad-Hoc|Any CPU.Build.0 = Release|Any CPU
		{5F5F9CF3-B4CE-47C6-ADC1-8C0FA3A0F784}.Ad-Hoc|ARM.ActiveCfg = Release|Any CPU
		{5F5F9CF3-B4CE-47C6-ADC1-8C0FA3A0F784}.Ad-Hoc|ARM.Build.0 = Release|Any CPU
		{5F5F9CF3-B4CE-47C6-ADC1-8C0FA3A0F784}.Ad-Hoc|iPhone.ActiveCfg = Release|Any CPU
		{5F5F9CF3-B4CE-47C6-ADC1-8C0FA3A0F784}.Ad-Hoc|iPhone.Build.0 = Release|Any CPU
		{5F5F9CF3-B4CE-47C6-ADC1-8C0FA3A0F784}.Ad-Hoc|iPhoneSimulator.ActiveCfg = Release|Any CPU
		{5F5F9CF3-B4CE-47C6-ADC1-8C0FA3A0F784}.Ad-Hoc|iPhoneSimulator.Build.0 = Release|Any CPU
		{5F5F9CF3-B4CE-47C6-ADC1-8C0FA3A0F784}.Ad-Hoc|x64.ActiveCfg = Release|Any CPU
		{5F5F9CF3-B4CE-47C6-ADC1-8C0FA3A0F784}.Ad-Hoc|x64.Build.0 = Release|Any CPU
		{5F5F9CF3-B4CE-47C6-ADC1-8C0FA3A0F784}.Ad-Hoc|x86.ActiveCfg = Release|Any CPU
		{5F5F9CF3-B4CE-47C6-ADC1-8C0FA3A0F784}.Ad-Hoc|x86.Build.0 = Release|Any CPU
		{5F5F9CF3-B4CE-47C6-ADC1-8C0FA3A0F784}.AppStore|Any CPU.ActiveCfg = Release|Any CPU
		{5F5F9CF3-B4CE-47C6-ADC1-8C0FA3A0F784}.AppStore|Any CPU.Build.0 = Release|Any CPU
		{5F5F9CF3-B4CE-47C6-ADC1-8C0FA3A0F784}.AppStore|ARM.ActiveCfg = Release|Any CPU
		{5F5F9CF3-B4CE-47C6-ADC1-8C0FA3A0F784}.AppStore|ARM.Build.0 = Release|Any CPU
		{5F5F9CF3-B4CE-47C6-ADC1-8C0FA3A0F784}.AppStore|iPhone.ActiveCfg = Release|Any CPU
		{5F5F9CF3-B4CE-47C6-ADC1-8C0FA3A0F784}.AppStore|iPhone.Build.0 = Release|Any CPU
		{5F5F9CF3-B4CE-47C6-ADC1-8C0FA3A0F784}.AppStore|iPhoneSimulator.ActiveCfg = Release|Any CPU
		{5F5F9CF3-B4CE-47C6-ADC1-8C0FA3A0F784}.AppStore|iPhoneSimulator.Build.0 = Release|Any CPU
		{5F5F9CF3-B4CE-47C6-ADC1-8C0FA3A0F784}.AppStore|x64.ActiveCfg = Release|Any CPU
		{5F5F9CF3-B4CE-47C6-ADC1-8C0FA3A0F784}.AppStore|x64.Build.0 = Release|Any CPU
		{5F5F9CF3-B4CE-47C6-ADC1-8C0FA3A0F784}.AppStore|x86.ActiveCfg = Release|Any CPU
		{5F5F9CF3-B4CE-47C6-ADC1-8C0FA3A0F784}.AppStore|x86.Build.0 = Release|Any CPU
		{5F5F9CF3-B4CE-47C6-ADC1-8C0FA3A0F784}.Debug|Any CPU.ActiveCfg = Debug|Any CPU
		{5F5F9CF3-B4CE-47C6-ADC1-8C0FA3A0F784}.Debug|Any CPU.Build.0 = Debug|Any CPU
		{5F5F9CF3-B4CE-47C6-ADC1-8C0FA3A0F784}.Debug|ARM.ActiveCfg = Debug|Any CPU
		{5F5F9CF3-B4CE-47C6-ADC1-8C0FA3A0F784}.Debug|ARM.Build.0 = Debug|Any CPU
		{5F5F9CF3-B4CE-47C6-ADC1-8C0FA3A0F784}.Debug|iPhone.ActiveCfg = Debug|Any CPU
		{5F5F9CF3-B4CE-47C6-ADC1-8C0FA3A0F784}.Debug|iPhone.Build.0 = Debug|Any CPU
		{5F5F9CF3-B4CE-47C6-ADC1-8C0FA3A0F784}.Debug|iPhoneSimulator.ActiveCfg = Debug|Any CPU
		{5F5F9CF3-B4CE-47C6-ADC1-8C0FA3A0F784}.Debug|iPhoneSimulator.Build.0 = Debug|Any CPU
		{5F5F9CF3-B4CE-47C6-ADC1-8C0FA3A0F784}.Debug|x64.ActiveCfg = Debug|Any CPU
		{5F5F9CF3-B4CE-47C6-ADC1-8C0FA3A0F784}.Debug|x64.Build.0 = Debug|Any CPU
		{5F5F9CF3-B4CE-47C6-ADC1-8C0FA3A0F784}.Debug|x86.ActiveCfg = Debug|Any CPU
		{5F5F9CF3-B4CE-47C6-ADC1-8C0FA3A0F784}.Debug|x86.Build.0 = Debug|Any CPU
		{5F5F9CF3-B4CE-47C6-ADC1-8C0FA3A0F784}.Release|Any CPU.ActiveCfg = Release|Any CPU
		{5F5F9CF3-B4CE-47C6-ADC1-8C0FA3A0F784}.Release|Any CPU.Build.0 = Release|Any CPU
		{5F5F9CF3-B4CE-47C6-ADC1-8C0FA3A0F784}.Release|ARM.ActiveCfg = Release|Any CPU
		{5F5F9CF3-B4CE-47C6-ADC1-8C0FA3A0F784}.Release|ARM.Build.0 = Release|Any CPU
		{5F5F9CF3-B4CE-47C6-ADC1-8C0FA3A0F784}.Release|iPhone.ActiveCfg = Release|Any CPU
		{5F5F9CF3-B4CE-47C6-ADC1-8C0FA3A0F784}.Release|iPhone.Build.0 = Release|Any CPU
		{5F5F9CF3-B4CE-47C6-ADC1-8C0FA3A0F784}.Release|iPhoneSimulator.ActiveCfg = Release|Any CPU
		{5F5F9CF3-B4CE-47C6-ADC1-8C0FA3A0F784}.Release|iPhoneSimulator.Build.0 = Release|Any CPU
		{5F5F9CF3-B4CE-47C6-ADC1-8C0FA3A0F784}.Release|x64.ActiveCfg = Release|Any CPU
		{5F5F9CF3-B4CE-47C6-ADC1-8C0FA3A0F784}.Release|x64.Build.0 = Release|Any CPU
		{5F5F9CF3-B4CE-47C6-ADC1-8C0FA3A0F784}.Release|x86.ActiveCfg = Release|Any CPU
		{5F5F9CF3-B4CE-47C6-ADC1-8C0FA3A0F784}.Release|x86.Build.0 = Release|Any CPU
		{24514B0A-61F5-40A2-AE68-727C080FEE28}.Ad-Hoc|Any CPU.ActiveCfg = Release|x86
		{24514B0A-61F5-40A2-AE68-727C080FEE28}.Ad-Hoc|Any CPU.Build.0 = Release|x86
		{24514B0A-61F5-40A2-AE68-727C080FEE28}.Ad-Hoc|Any CPU.Deploy.0 = Release|x86
		{24514B0A-61F5-40A2-AE68-727C080FEE28}.Ad-Hoc|ARM.ActiveCfg = Release|ARM
		{24514B0A-61F5-40A2-AE68-727C080FEE28}.Ad-Hoc|ARM.Build.0 = Release|ARM
		{24514B0A-61F5-40A2-AE68-727C080FEE28}.Ad-Hoc|ARM.Deploy.0 = Release|ARM
		{24514B0A-61F5-40A2-AE68-727C080FEE28}.Ad-Hoc|iPhone.ActiveCfg = Release|x86
		{24514B0A-61F5-40A2-AE68-727C080FEE28}.Ad-Hoc|iPhone.Build.0 = Release|x86
		{24514B0A-61F5-40A2-AE68-727C080FEE28}.Ad-Hoc|iPhone.Deploy.0 = Release|x86
		{24514B0A-61F5-40A2-AE68-727C080FEE28}.Ad-Hoc|iPhoneSimulator.ActiveCfg = Release|x86
		{24514B0A-61F5-40A2-AE68-727C080FEE28}.Ad-Hoc|iPhoneSimulator.Build.0 = Release|x86
		{24514B0A-61F5-40A2-AE68-727C080FEE28}.Ad-Hoc|iPhoneSimulator.Deploy.0 = Release|x86
		{24514B0A-61F5-40A2-AE68-727C080FEE28}.Ad-Hoc|x64.ActiveCfg = Release|x64
		{24514B0A-61F5-40A2-AE68-727C080FEE28}.Ad-Hoc|x64.Build.0 = Release|x64
		{24514B0A-61F5-40A2-AE68-727C080FEE28}.Ad-Hoc|x64.Deploy.0 = Release|x64
		{24514B0A-61F5-40A2-AE68-727C080FEE28}.Ad-Hoc|x86.ActiveCfg = Release|x86
		{24514B0A-61F5-40A2-AE68-727C080FEE28}.Ad-Hoc|x86.Build.0 = Release|x86
		{24514B0A-61F5-40A2-AE68-727C080FEE28}.Ad-Hoc|x86.Deploy.0 = Release|x86
		{24514B0A-61F5-40A2-AE68-727C080FEE28}.AppStore|Any CPU.ActiveCfg = Release|x86
		{24514B0A-61F5-40A2-AE68-727C080FEE28}.AppStore|Any CPU.Build.0 = Release|x86
		{24514B0A-61F5-40A2-AE68-727C080FEE28}.AppStore|Any CPU.Deploy.0 = Release|x86
		{24514B0A-61F5-40A2-AE68-727C080FEE28}.AppStore|ARM.ActiveCfg = Release|ARM
		{24514B0A-61F5-40A2-AE68-727C080FEE28}.AppStore|ARM.Build.0 = Release|ARM
		{24514B0A-61F5-40A2-AE68-727C080FEE28}.AppStore|ARM.Deploy.0 = Release|ARM
		{24514B0A-61F5-40A2-AE68-727C080FEE28}.AppStore|iPhone.ActiveCfg = Release|x86
		{24514B0A-61F5-40A2-AE68-727C080FEE28}.AppStore|iPhone.Build.0 = Release|x86
		{24514B0A-61F5-40A2-AE68-727C080FEE28}.AppStore|iPhone.Deploy.0 = Release|x86
		{24514B0A-61F5-40A2-AE68-727C080FEE28}.AppStore|iPhoneSimulator.ActiveCfg = Release|x86
		{24514B0A-61F5-40A2-AE68-727C080FEE28}.AppStore|iPhoneSimulator.Build.0 = Release|x86
		{24514B0A-61F5-40A2-AE68-727C080FEE28}.AppStore|iPhoneSimulator.Deploy.0 = Release|x86
		{24514B0A-61F5-40A2-AE68-727C080FEE28}.AppStore|x64.ActiveCfg = Release|x64
		{24514B0A-61F5-40A2-AE68-727C080FEE28}.AppStore|x64.Build.0 = Release|x64
		{24514B0A-61F5-40A2-AE68-727C080FEE28}.AppStore|x64.Deploy.0 = Release|x64
		{24514B0A-61F5-40A2-AE68-727C080FEE28}.AppStore|x86.ActiveCfg = Release|x86
		{24514B0A-61F5-40A2-AE68-727C080FEE28}.AppStore|x86.Build.0 = Release|x86
		{24514B0A-61F5-40A2-AE68-727C080FEE28}.AppStore|x86.Deploy.0 = Release|x86
		{24514B0A-61F5-40A2-AE68-727C080FEE28}.Debug|Any CPU.ActiveCfg = Debug|x86
		{24514B0A-61F5-40A2-AE68-727C080FEE28}.Debug|ARM.ActiveCfg = Debug|ARM
		{24514B0A-61F5-40A2-AE68-727C080FEE28}.Debug|ARM.Build.0 = Debug|ARM
		{24514B0A-61F5-40A2-AE68-727C080FEE28}.Debug|ARM.Deploy.0 = Debug|ARM
		{24514B0A-61F5-40A2-AE68-727C080FEE28}.Debug|iPhone.ActiveCfg = Debug|x86
		{24514B0A-61F5-40A2-AE68-727C080FEE28}.Debug|iPhoneSimulator.ActiveCfg = Debug|x86
		{24514B0A-61F5-40A2-AE68-727C080FEE28}.Debug|x64.ActiveCfg = Debug|x64
		{24514B0A-61F5-40A2-AE68-727C080FEE28}.Debug|x64.Build.0 = Debug|x64
		{24514B0A-61F5-40A2-AE68-727C080FEE28}.Debug|x64.Deploy.0 = Debug|x64
		{24514B0A-61F5-40A2-AE68-727C080FEE28}.Debug|x86.ActiveCfg = Debug|x86
		{24514B0A-61F5-40A2-AE68-727C080FEE28}.Debug|x86.Build.0 = Debug|x86
		{24514B0A-61F5-40A2-AE68-727C080FEE28}.Debug|x86.Deploy.0 = Debug|x86
		{24514B0A-61F5-40A2-AE68-727C080FEE28}.Release|Any CPU.ActiveCfg = Release|x86
		{24514B0A-61F5-40A2-AE68-727C080FEE28}.Release|ARM.ActiveCfg = Release|ARM
		{24514B0A-61F5-40A2-AE68-727C080FEE28}.Release|ARM.Build.0 = Release|ARM
		{24514B0A-61F5-40A2-AE68-727C080FEE28}.Release|ARM.Deploy.0 = Release|ARM
		{24514B0A-61F5-40A2-AE68-727C080FEE28}.Release|iPhone.ActiveCfg = Release|x86
		{24514B0A-61F5-40A2-AE68-727C080FEE28}.Release|iPhoneSimulator.ActiveCfg = Release|x86
		{24514B0A-61F5-40A2-AE68-727C080FEE28}.Release|x64.ActiveCfg = Release|x64
		{24514B0A-61F5-40A2-AE68-727C080FEE28}.Release|x64.Build.0 = Release|x64
		{24514B0A-61F5-40A2-AE68-727C080FEE28}.Release|x64.Deploy.0 = Release|x64
		{24514B0A-61F5-40A2-AE68-727C080FEE28}.Release|x86.ActiveCfg = Release|x86
		{24514B0A-61F5-40A2-AE68-727C080FEE28}.Release|x86.Build.0 = Release|x86
		{24514B0A-61F5-40A2-AE68-727C080FEE28}.Release|x86.Deploy.0 = Release|x86
		{B8D3989C-1B85-4C78-863B-7E5116575E30}.Ad-Hoc|Any CPU.ActiveCfg = Ad-Hoc|iPhoneSimulator
		{B8D3989C-1B85-4C78-863B-7E5116575E30}.Ad-Hoc|ARM.ActiveCfg = Ad-Hoc|iPhone
		{B8D3989C-1B85-4C78-863B-7E5116575E30}.Ad-Hoc|iPhone.ActiveCfg = Ad-Hoc|iPhone
		{B8D3989C-1B85-4C78-863B-7E5116575E30}.Ad-Hoc|iPhone.Build.0 = Ad-Hoc|iPhone
		{B8D3989C-1B85-4C78-863B-7E5116575E30}.Ad-Hoc|iPhoneSimulator.ActiveCfg = Ad-Hoc|iPhoneSimulator
		{B8D3989C-1B85-4C78-863B-7E5116575E30}.Ad-Hoc|iPhoneSimulator.Build.0 = Ad-Hoc|iPhoneSimulator
		{B8D3989C-1B85-4C78-863B-7E5116575E30}.Ad-Hoc|x64.ActiveCfg = Ad-Hoc|iPhone
		{B8D3989C-1B85-4C78-863B-7E5116575E30}.Ad-Hoc|x86.ActiveCfg = Ad-Hoc|iPhone
		{B8D3989C-1B85-4C78-863B-7E5116575E30}.AppStore|Any CPU.ActiveCfg = AppStore|iPhoneSimulator
		{B8D3989C-1B85-4C78-863B-7E5116575E30}.AppStore|ARM.ActiveCfg = AppStore|iPhone
		{B8D3989C-1B85-4C78-863B-7E5116575E30}.AppStore|iPhone.ActiveCfg = AppStore|iPhone
		{B8D3989C-1B85-4C78-863B-7E5116575E30}.AppStore|iPhone.Build.0 = AppStore|iPhone
		{B8D3989C-1B85-4C78-863B-7E5116575E30}.AppStore|iPhoneSimulator.ActiveCfg = AppStore|iPhoneSimulator
		{B8D3989C-1B85-4C78-863B-7E5116575E30}.AppStore|iPhoneSimulator.Build.0 = AppStore|iPhoneSimulator
		{B8D3989C-1B85-4C78-863B-7E5116575E30}.AppStore|x64.ActiveCfg = AppStore|iPhone
		{B8D3989C-1B85-4C78-863B-7E5116575E30}.AppStore|x86.ActiveCfg = AppStore|iPhone
		{B8D3989C-1B85-4C78-863B-7E5116575E30}.Debug|Any CPU.ActiveCfg = Debug|iPhoneSimulator
		{B8D3989C-1B85-4C78-863B-7E5116575E30}.Debug|ARM.ActiveCfg = Debug|iPhone
		{B8D3989C-1B85-4C78-863B-7E5116575E30}.Debug|iPhone.ActiveCfg = Debug|iPhone
		{B8D3989C-1B85-4C78-863B-7E5116575E30}.Debug|iPhone.Build.0 = Debug|iPhone
		{B8D3989C-1B85-4C78-863B-7E5116575E30}.Debug|iPhoneSimulator.ActiveCfg = Debug|iPhoneSimulator
		{B8D3989C-1B85-4C78-863B-7E5116575E30}.Debug|iPhoneSimulator.Build.0 = Debug|iPhoneSimulator
		{B8D3989C-1B85-4C78-863B-7E5116575E30}.Debug|x64.ActiveCfg = Debug|iPhone
		{B8D3989C-1B85-4C78-863B-7E5116575E30}.Debug|x86.ActiveCfg = Debug|iPhone
		{B8D3989C-1B85-4C78-863B-7E5116575E30}.Release|Any CPU.ActiveCfg = Release|iPhoneSimulator
		{B8D3989C-1B85-4C78-863B-7E5116575E30}.Release|ARM.ActiveCfg = Release|iPhone
		{B8D3989C-1B85-4C78-863B-7E5116575E30}.Release|iPhone.ActiveCfg = Release|iPhone
		{B8D3989C-1B85-4C78-863B-7E5116575E30}.Release|iPhone.Build.0 = Release|iPhone
		{B8D3989C-1B85-4C78-863B-7E5116575E30}.Release|iPhoneSimulator.ActiveCfg = Release|iPhoneSimulator
		{B8D3989C-1B85-4C78-863B-7E5116575E30}.Release|iPhoneSimulator.Build.0 = Release|iPhoneSimulator
		{B8D3989C-1B85-4C78-863B-7E5116575E30}.Release|x64.ActiveCfg = Release|iPhone
		{B8D3989C-1B85-4C78-863B-7E5116575E30}.Release|x86.ActiveCfg = Release|iPhone
	EndGlobalSection
	GlobalSection(SolutionProperties) = preSolution
		HideSolutionNode = FALSE
	EndGlobalSection
	GlobalSection(ExtensibilityGlobals) = postSolution
		SolutionGuid = {9AFE40DE-3F8E-45D5-AA35-469911F7DCB2}
	EndGlobalSection
EndGlobal
