
Microsoft Visual Studio Solution File, Format Version 12.00
# Visual Studio 15
VisualStudioVersion = 15.0.26730.16
MinimumVisualStudioVersion = 10.0.40219.1
Project("{D954291E-2A0B-460D-934E-DC6B0785DB48}") = "App1", "App1\App1\App1.shproj", "{605953F5-0378-4D7C-8C22-8BA5E3F0FD1F}"
EndProject
Project("{FAE04EC0-301F-11D3-BF4B-00C04F79EFBC}") = "App1.Android", "App1\App1.Android\App1.Android.csproj", "{C3055A44-1DAF-45D7-971A-E6D5739A7B0A}"
EndProject
Project("{FAE04EC0-301F-11D3-BF4B-00C04F79EFBC}") = "App1.iOS", "App1\App1.iOS\App1.iOS.csproj", "{5555CDBC-E307-4F2A-8BEB-FE7905E2A305}"
EndProject
Project("{FAE04EC0-301F-11D3-BF4B-00C04F79EFBC}") = "App1.UWP", "App1\App1.UWP\App1.UWP.csproj", "{F9E5B396-4BCC-48C9-9AF6-592F627E92B4}"
EndProject
Global
	GlobalSection(SharedMSBuildProjectFiles) = preSolution
		App1\App1\App1.projitems*{5555cdbc-e307-4f2a-8beb-fe7905e2a305}*SharedItemsImports = 4
		App1\App1\App1.projitems*{605953f5-0378-4d7c-8c22-8ba5e3f0fd1f}*SharedItemsImports = 13
		App1\App1\App1.projitems*{c3055a44-1daf-45d7-971a-e6d5739a7b0a}*SharedItemsImports = 4
	EndGlobalSection
	GlobalSection(SolutionConfigurationPlatforms) = preSolution
		Ad-Hoc|Any CPU = Ad-Hoc|Any CPU
		Ad-Hoc|ARM = Ad-Hoc|ARM
		Ad-Hoc|iPhone = Ad-Hoc|iPhone
		Ad-Hoc|iPhoneSimulator = Ad-Hoc|iPhoneSimulator
		Ad-Hoc|x64 = Ad-Hoc|x64
		Ad-Hoc|x86 = Ad-Hoc|x86
		AppStore|Any CPU = AppStore|Any CPU
		AppStore|ARM = AppStore|ARM
		AppStore|iPhone = AppStore|iPhone
		AppStore|iPhoneSimulator = AppStore|iPhoneSimulator
		AppStore|x64 = AppStore|x64
		AppStore|x86 = AppStore|x86
		Debug|Any CPU = Debug|Any CPU
		Debug|ARM = Debug|ARM
		Debug|iPhone = Debug|iPhone
		Debug|iPhoneSimulator = Debug|iPhoneSimulator
		Debug|x64 = Debug|x64
		Debug|x86 = Debug|x86
		Release|Any CPU = Release|Any CPU
		Release|ARM = Release|ARM
		Release|iPhone = Release|iPhone
		Release|iPhoneSimulator = Release|iPhoneSimulator
		Release|x64 = Release|x64
		Release|x86 = Release|x86
	EndGlobalSection
	GlobalSection(ProjectConfigurationPlatforms) = postSolution
		{C3055A44-1DAF-45D7-971A-E6D5739A7B0A}.Ad-Hoc|Any CPU.ActiveCfg = Release|Any CPU
		{C3055A44-1DAF-45D7-971A-E6D5739A7B0A}.Ad-Hoc|Any CPU.Build.0 = Release|Any CPU
		{C3055A44-1DAF-45D7-971A-E6D5739A7B0A}.Ad-Hoc|Any CPU.Deploy.0 = Release|Any CPU
		{C3055A44-1DAF-45D7-971A-E6D5739A7B0A}.Ad-Hoc|ARM.ActiveCfg = Release|Any CPU
		{C3055A44-1DAF-45D7-971A-E6D5739A7B0A}.Ad-Hoc|ARM.Build.0 = Release|Any CPU
		{C3055A44-1DAF-45D7-971A-E6D5739A7B0A}.Ad-Hoc|ARM.Deploy.0 = Release|Any CPU
		{C3055A44-1DAF-45D7-971A-E6D5739A7B0A}.Ad-Hoc|iPhone.ActiveCfg = Release|Any CPU
		{C3055A44-1DAF-45D7-971A-E6D5739A7B0A}.Ad-Hoc|iPhone.Build.0 = Release|Any CPU
		{C3055A44-1DAF-45D7-971A-E6D5739A7B0A}.Ad-Hoc|iPhone.Deploy.0 = Release|Any CPU
		{C3055A44-1DAF-45D7-971A-E6D5739A7B0A}.Ad-Hoc|iPhoneSimulator.ActiveCfg = Release|Any CPU
		{C3055A44-1DAF-45D7-971A-E6D5739A7B0A}.Ad-Hoc|iPhoneSimulator.Build.0 = Release|Any CPU
		{C3055A44-1DAF-45D7-971A-E6D5739A7B0A}.Ad-Hoc|iPhoneSimulator.Deploy.0 = Release|Any CPU
		{C3055A44-1DAF-45D7-971A-E6D5739A7B0A}.Ad-Hoc|x64.ActiveCfg = Release|Any CPU
		{C3055A44-1DAF-45D7-971A-E6D5739A7B0A}.Ad-Hoc|x64.Build.0 = Release|Any CPU
		{C3055A44-1DAF-45D7-971A-E6D5739A7B0A}.Ad-Hoc|x64.Deploy.0 = Release|Any CPU
		{C3055A44-1DAF-45D7-971A-E6D5739A7B0A}.Ad-Hoc|x86.ActiveCfg = Release|Any CPU
		{C3055A44-1DAF-45D7-971A-E6D5739A7B0A}.Ad-Hoc|x86.Build.0 = Release|Any CPU
		{C3055A44-1DAF-45D7-971A-E6D5739A7B0A}.Ad-Hoc|x86.Deploy.0 = Release|Any CPU
		{C3055A44-1DAF-45D7-971A-E6D5739A7B0A}.AppStore|Any CPU.ActiveCfg = Release|Any CPU
		{C3055A44-1DAF-45D7-971A-E6D5739A7B0A}.AppStore|Any CPU.Build.0 = Release|Any CPU
		{C3055A44-1DAF-45D7-971A-E6D5739A7B0A}.AppStore|Any CPU.Deploy.0 = Release|Any CPU
		{C3055A44-1DAF-45D7-971A-E6D5739A7B0A}.AppStore|ARM.ActiveCfg = Release|Any CPU
		{C3055A44-1DAF-45D7-971A-E6D5739A7B0A}.AppStore|ARM.Build.0 = Release|Any CPU
		{C3055A44-1DAF-45D7-971A-E6D5739A7B0A}.AppStore|ARM.Deploy.0 = Release|Any CPU
		{C3055A44-1DAF-45D7-971A-E6D5739A7B0A}.AppStore|iPhone.ActiveCfg = Release|Any CPU
		{C3055A44-1DAF-45D7-971A-E6D5739A7B0A}.AppStore|iPhone.Build.0 = Release|Any CPU
		{C3055A44-1DAF-45D7-971A-E6D5739A7B0A}.AppStore|iPhone.Deploy.0 = Release|Any CPU
		{C3055A44-1DAF-45D7-971A-E6D5739A7B0A}.AppStore|iPhoneSimulator.ActiveCfg = Release|Any CPU
		{C3055A44-1DAF-45D7-971A-E6D5739A7B0A}.AppStore|iPhoneSimulator.Build.0 = Release|Any CPU
		{C3055A44-1DAF-45D7-971A-E6D5739A7B0A}.AppStore|iPhoneSimulator.Deploy.0 = Release|Any CPU
		{C3055A44-1DAF-45D7-971A-E6D5739A7B0A}.AppStore|x64.ActiveCfg = Release|Any CPU
		{C3055A44-1DAF-45D7-971A-E6D5739A7B0A}.AppStore|x64.Build.0 = Release|Any CPU
		{C3055A44-1DAF-45D7-971A-E6D5739A7B0A}.AppStore|x64.Deploy.0 = Release|Any CPU
		{C3055A44-1DAF-45D7-971A-E6D5739A7B0A}.AppStore|x86.ActiveCfg = Release|Any CPU
		{C3055A44-1DAF-45D7-971A-E6D5739A7B0A}.AppStore|x86.Build.0 = Release|Any CPU
		{C3055A44-1DAF-45D7-971A-E6D5739A7B0A}.AppStore|x86.Deploy.0 = Release|Any CPU
		{C3055A44-1DAF-45D7-971A-E6D5739A7B0A}.Debug|Any CPU.ActiveCfg = Debug|Any CPU
		{C3055A44-1DAF-45D7-971A-E6D5739A7B0A}.Debug|Any CPU.Build.0 = Debug|Any CPU
		{C3055A44-1DAF-45D7-971A-E6D5739A7B0A}.Debug|Any CPU.Deploy.0 = Debug|Any CPU
		{C3055A44-1DAF-45D7-971A-E6D5739A7B0A}.Debug|ARM.ActiveCfg = Debug|Any CPU
		{C3055A44-1DAF-45D7-971A-E6D5739A7B0A}.Debug|ARM.Build.0 = Debug|Any CPU
		{C3055A44-1DAF-45D7-971A-E6D5739A7B0A}.Debug|ARM.Deploy.0 = Debug|Any CPU
		{C3055A44-1DAF-45D7-971A-E6D5739A7B0A}.Debug|iPhone.ActiveCfg = Debug|Any CPU
		{C3055A44-1DAF-45D7-971A-E6D5739A7B0A}.Debug|iPhone.Build.0 = Debug|Any CPU
		{C3055A44-1DAF-45D7-971A-E6D5739A7B0A}.Debug|iPhone.Deploy.0 = Debug|Any CPU
		{C3055A44-1DAF-45D7-971A-E6D5739A7B0A}.Debug|iPhoneSimulator.ActiveCfg = Debug|Any CPU
		{C3055A44-1DAF-45D7-971A-E6D5739A7B0A}.Debug|iPhoneSimulator.Build.0 = Debug|Any CPU
		{C3055A44-1DAF-45D7-971A-E6D5739A7B0A}.Debug|iPhoneSimulator.Deploy.0 = Debug|Any CPU
		{C3055A44-1DAF-45D7-971A-E6D5739A7B0A}.Debug|x64.ActiveCfg = Debug|Any CPU
		{C3055A44-1DAF-45D7-971A-E6D5739A7B0A}.Debug|x64.Build.0 = Debug|Any CPU
		{C3055A44-1DAF-45D7-971A-E6D5739A7B0A}.Debug|x64.Deploy.0 = Debug|Any CPU
		{C3055A44-1DAF-45D7-971A-E6D5739A7B0A}.Debug|x86.ActiveCfg = Debug|Any CPU
		{C3055A44-1DAF-45D7-971A-E6D5739A7B0A}.Debug|x86.Build.0 = Debug|Any CPU
		{C3055A44-1DAF-45D7-971A-E6D5739A7B0A}.Debug|x86.Deploy.0 = Debug|Any CPU
		{C3055A44-1DAF-45D7-971A-E6D5739A7B0A}.Release|Any CPU.ActiveCfg = Release|Any CPU
		{C3055A44-1DAF-45D7-971A-E6D5739A7B0A}.Release|Any CPU.Build.0 = Release|Any CPU
		{C3055A44-1DAF-45D7-971A-E6D5739A7B0A}.Release|Any CPU.Deploy.0 = Release|Any CPU
		{C3055A44-1DAF-45D7-971A-E6D5739A7B0A}.Release|ARM.ActiveCfg = Release|Any CPU
		{C3055A44-1DAF-45D7-971A-E6D5739A7B0A}.Release|ARM.Build.0 = Release|Any CPU
		{C3055A44-1DAF-45D7-971A-E6D5739A7B0A}.Release|ARM.Deploy.0 = Release|Any CPU
		{C3055A44-1DAF-45D7-971A-E6D5739A7B0A}.Release|iPhone.ActiveCfg = Release|Any CPU
		{C3055A44-1DAF-45D7-971A-E6D5739A7B0A}.Release|iPhone.Build.0 = Release|Any CPU
		{C3055A44-1DAF-45D7-971A-E6D5739A7B0A}.Release|iPhone.Deploy.0 = Release|Any CPU
		{C3055A44-1DAF-45D7-971A-E6D5739A7B0A}.Release|iPhoneSimulator.ActiveCfg = Release|Any CPU
		{C3055A44-1DAF-45D7-971A-E6D5739A7B0A}.Release|iPhoneSimulator.Build.0 = Release|Any CPU
		{C3055A44-1DAF-45D7-971A-E6D5739A7B0A}.Release|iPhoneSimulator.Deploy.0 = Release|Any CPU
		{C3055A44-1DAF-45D7-971A-E6D5739A7B0A}.Release|x64.ActiveCfg = Release|Any CPU
		{C3055A44-1DAF-45D7-971A-E6D5739A7B0A}.Release|x64.Build.0 = Release|Any CPU
		{C3055A44-1DAF-45D7-971A-E6D5739A7B0A}.Release|x64.Deploy.0 = Release|Any CPU
		{C3055A44-1DAF-45D7-971A-E6D5739A7B0A}.Release|x86.ActiveCfg = Release|Any CPU
		{C3055A44-1DAF-45D7-971A-E6D5739A7B0A}.Release|x86.Build.0 = Release|Any CPU
		{C3055A44-1DAF-45D7-971A-E6D5739A7B0A}.Release|x86.Deploy.0 = Release|Any CPU
		{5555CDBC-E307-4F2A-8BEB-FE7905E2A305}.Ad-Hoc|Any CPU.ActiveCfg = Ad-Hoc|iPhone
		{5555CDBC-E307-4F2A-8BEB-FE7905E2A305}.Ad-Hoc|ARM.ActiveCfg = Ad-Hoc|iPhone
		{5555CDBC-E307-4F2A-8BEB-FE7905E2A305}.Ad-Hoc|iPhone.ActiveCfg = Ad-Hoc|iPhone
		{5555CDBC-E307-4F2A-8BEB-FE7905E2A305}.Ad-Hoc|iPhone.Build.0 = Ad-Hoc|iPhone
		{5555CDBC-E307-4F2A-8BEB-FE7905E2A305}.Ad-Hoc|iPhoneSimulator.ActiveCfg = Ad-Hoc|iPhoneSimulator
		{5555CDBC-E307-4F2A-8BEB-FE7905E2A305}.Ad-Hoc|iPhoneSimulator.Build.0 = Ad-Hoc|iPhoneSimulator
		{5555CDBC-E307-4F2A-8BEB-FE7905E2A305}.Ad-Hoc|x64.ActiveCfg = Ad-Hoc|iPhone
		{5555CDBC-E307-4F2A-8BEB-FE7905E2A305}.Ad-Hoc|x86.ActiveCfg = Ad-Hoc|iPhone
		{5555CDBC-E307-4F2A-8BEB-FE7905E2A305}.AppStore|Any CPU.ActiveCfg = AppStore|iPhone
		{5555CDBC-E307-4F2A-8BEB-FE7905E2A305}.AppStore|ARM.ActiveCfg = AppStore|iPhone
		{5555CDBC-E307-4F2A-8BEB-FE7905E2A305}.AppStore|iPhone.ActiveCfg = AppStore|iPhone
		{5555CDBC-E307-4F2A-8BEB-FE7905E2A305}.AppStore|iPhone.Build.0 = AppStore|iPhone
		{5555CDBC-E307-4F2A-8BEB-FE7905E2A305}.AppStore|iPhoneSimulator.ActiveCfg = AppStore|iPhoneSimulator
		{5555CDBC-E307-4F2A-8BEB-FE7905E2A305}.AppStore|iPhoneSimulator.Build.0 = AppStore|iPhoneSimulator
		{5555CDBC-E307-4F2A-8BEB-FE7905E2A305}.AppStore|x64.ActiveCfg = AppStore|iPhone
		{5555CDBC-E307-4F2A-8BEB-FE7905E2A305}.AppStore|x86.ActiveCfg = AppStore|iPhone
		{5555CDBC-E307-4F2A-8BEB-FE7905E2A305}.Debug|Any CPU.ActiveCfg = Debug|iPhone
		{5555CDBC-E307-4F2A-8BEB-FE7905E2A305}.Debug|ARM.ActiveCfg = Debug|iPhone
		{5555CDBC-E307-4F2A-8BEB-FE7905E2A305}.Debug|iPhone.ActiveCfg = Debug|iPhone
		{5555CDBC-E307-4F2A-8BEB-FE7905E2A305}.Debug|iPhone.Build.0 = Debug|iPhone
		{5555CDBC-E307-4F2A-8BEB-FE7905E2A305}.Debug|iPhoneSimulator.ActiveCfg = Debug|iPhoneSimulator
		{5555CDBC-E307-4F2A-8BEB-FE7905E2A305}.Debug|iPhoneSimulator.Build.0 = Debug|iPhoneSimulator
		{5555CDBC-E307-4F2A-8BEB-FE7905E2A305}.Debug|x64.ActiveCfg = Debug|iPhone
		{5555CDBC-E307-4F2A-8BEB-FE7905E2A305}.Debug|x86.ActiveCfg = Debug|iPhone
		{5555CDBC-E307-4F2A-8BEB-FE7905E2A305}.Release|Any CPU.ActiveCfg = Release|iPhone
		{5555CDBC-E307-4F2A-8BEB-FE7905E2A305}.Release|ARM.ActiveCfg = Release|iPhone
		{5555CDBC-E307-4F2A-8BEB-FE7905E2A305}.Release|iPhone.ActiveCfg = Release|iPhone
		{5555CDBC-E307-4F2A-8BEB-FE7905E2A305}.Release|iPhone.Build.0 = Release|iPhone
		{5555CDBC-E307-4F2A-8BEB-FE7905E2A305}.Release|iPhoneSimulator.ActiveCfg = Release|iPhoneSimulator
		{5555CDBC-E307-4F2A-8BEB-FE7905E2A305}.Release|iPhoneSimulator.Build.0 = Release|iPhoneSimulator
		{5555CDBC-E307-4F2A-8BEB-FE7905E2A305}.Release|x64.ActiveCfg = Release|iPhone
		{5555CDBC-E307-4F2A-8BEB-FE7905E2A305}.Release|x86.ActiveCfg = Release|iPhone
		{F9E5B396-4BCC-48C9-9AF6-592F627E92B4}.Ad-Hoc|Any CPU.ActiveCfg = Release|x86
		{F9E5B396-4BCC-48C9-9AF6-592F627E92B4}.Ad-Hoc|Any CPU.Build.0 = Release|x86
		{F9E5B396-4BCC-48C9-9AF6-592F627E92B4}.Ad-Hoc|Any CPU.Deploy.0 = Release|x86
		{F9E5B396-4BCC-48C9-9AF6-592F627E92B4}.Ad-Hoc|ARM.ActiveCfg = Release|ARM
		{F9E5B396-4BCC-48C9-9AF6-592F627E92B4}.Ad-Hoc|ARM.Build.0 = Release|ARM
		{F9E5B396-4BCC-48C9-9AF6-592F627E92B4}.Ad-Hoc|ARM.Deploy.0 = Release|ARM
		{F9E5B396-4BCC-48C9-9AF6-592F627E92B4}.Ad-Hoc|iPhone.ActiveCfg = Release|x86
		{F9E5B396-4BCC-48C9-9AF6-592F627E92B4}.Ad-Hoc|iPhone.Build.0 = Release|x86
		{F9E5B396-4BCC-48C9-9AF6-592F627E92B4}.Ad-Hoc|iPhone.Deploy.0 = Release|x86
		{F9E5B396-4BCC-48C9-9AF6-592F627E92B4}.Ad-Hoc|iPhoneSimulator.ActiveCfg = Release|x86
		{F9E5B396-4BCC-48C9-9AF6-592F627E92B4}.Ad-Hoc|iPhoneSimulator.Build.0 = Release|x86
		{F9E5B396-4BCC-48C9-9AF6-592F627E92B4}.Ad-Hoc|iPhoneSimulator.Deploy.0 = Release|x86
		{F9E5B396-4BCC-48C9-9AF6-592F627E92B4}.Ad-Hoc|x64.ActiveCfg = Release|x64
		{F9E5B396-4BCC-48C9-9AF6-592F627E92B4}.Ad-Hoc|x64.Build.0 = Release|x64
		{F9E5B396-4BCC-48C9-9AF6-592F627E92B4}.Ad-Hoc|x64.Deploy.0 = Release|x64
		{F9E5B396-4BCC-48C9-9AF6-592F627E92B4}.Ad-Hoc|x86.ActiveCfg = Release|x86
		{F9E5B396-4BCC-48C9-9AF6-592F627E92B4}.Ad-Hoc|x86.Build.0 = Release|x86
		{F9E5B396-4BCC-48C9-9AF6-592F627E92B4}.Ad-Hoc|x86.Deploy.0 = Release|x86
		{F9E5B396-4BCC-48C9-9AF6-592F627E92B4}.AppStore|Any CPU.ActiveCfg = Release|x86
		{F9E5B396-4BCC-48C9-9AF6-592F627E92B4}.AppStore|Any CPU.Build.0 = Release|x86
		{F9E5B396-4BCC-48C9-9AF6-592F627E92B4}.AppStore|Any CPU.Deploy.0 = Release|x86
		{F9E5B396-4BCC-48C9-9AF6-592F627E92B4}.AppStore|ARM.ActiveCfg = Release|ARM
		{F9E5B396-4BCC-48C9-9AF6-592F627E92B4}.AppStore|ARM.Build.0 = Release|ARM
		{F9E5B396-4BCC-48C9-9AF6-592F627E92B4}.AppStore|ARM.Deploy.0 = Release|ARM
		{F9E5B396-4BCC-48C9-9AF6-592F627E92B4}.AppStore|iPhone.ActiveCfg = Release|x86
		{F9E5B396-4BCC-48C9-9AF6-592F627E92B4}.AppStore|iPhone.Build.0 = Release|x86
		{F9E5B396-4BCC-48C9-9AF6-592F627E92B4}.AppStore|iPhone.Deploy.0 = Release|x86
		{F9E5B396-4BCC-48C9-9AF6-592F627E92B4}.AppStore|iPhoneSimulator.ActiveCfg = Release|x86
		{F9E5B396-4BCC-48C9-9AF6-592F627E92B4}.AppStore|iPhoneSimulator.Build.0 = Release|x86
		{F9E5B396-4BCC-48C9-9AF6-592F627E92B4}.AppStore|iPhoneSimulator.Deploy.0 = Release|x86
		{F9E5B396-4BCC-48C9-9AF6-592F627E92B4}.AppStore|x64.ActiveCfg = Release|x64
		{F9E5B396-4BCC-48C9-9AF6-592F627E92B4}.AppStore|x64.Build.0 = Release|x64
		{F9E5B396-4BCC-48C9-9AF6-592F627E92B4}.AppStore|x64.Deploy.0 = Release|x64
		{F9E5B396-4BCC-48C9-9AF6-592F627E92B4}.AppStore|x86.ActiveCfg = Release|x86
		{F9E5B396-4BCC-48C9-9AF6-592F627E92B4}.AppStore|x86.Build.0 = Release|x86
		{F9E5B396-4BCC-48C9-9AF6-592F627E92B4}.AppStore|x86.Deploy.0 = Release|x86
		{F9E5B396-4BCC-48C9-9AF6-592F627E92B4}.Debug|Any CPU.ActiveCfg = Debug|x86
		{F9E5B396-4BCC-48C9-9AF6-592F627E92B4}.Debug|ARM.ActiveCfg = Debug|ARM
		{F9E5B396-4BCC-48C9-9AF6-592F627E92B4}.Debug|ARM.Build.0 = Debug|ARM
		{F9E5B396-4BCC-48C9-9AF6-592F627E92B4}.Debug|ARM.Deploy.0 = Debug|ARM
		{F9E5B396-4BCC-48C9-9AF6-592F627E92B4}.Debug|iPhone.ActiveCfg = Debug|x86
		{F9E5B396-4BCC-48C9-9AF6-592F627E92B4}.Debug|iPhoneSimulator.ActiveCfg = Debug|x86
		{F9E5B396-4BCC-48C9-9AF6-592F627E92B4}.Debug|x64.ActiveCfg = Debug|x64
		{F9E5B396-4BCC-48C9-9AF6-592F627E92B4}.Debug|x64.Build.0 = Debug|x64
		{F9E5B396-4BCC-48C9-9AF6-592F627E92B4}.Debug|x64.Deploy.0 = Debug|x64
		{F9E5B396-4BCC-48C9-9AF6-592F627E92B4}.Debug|x86.ActiveCfg = Debug|x86
		{F9E5B396-4BCC-48C9-9AF6-592F627E92B4}.Debug|x86.Build.0 = Debug|x86
		{F9E5B396-4BCC-48C9-9AF6-592F627E92B4}.Debug|x86.Deploy.0 = Debug|x86
		{F9E5B396-4BCC-48C9-9AF6-592F627E92B4}.Release|Any CPU.ActiveCfg = Release|x86
		{F9E5B396-4BCC-48C9-9AF6-592F627E92B4}.Release|ARM.ActiveCfg = Release|ARM
		{F9E5B396-4BCC-48C9-9AF6-592F627E92B4}.Release|ARM.Build.0 = Release|ARM
		{F9E5B396-4BCC-48C9-9AF6-592F627E92B4}.Release|ARM.Deploy.0 = Release|ARM
		{F9E5B396-4BCC-48C9-9AF6-592F627E92B4}.Release|iPhone.ActiveCfg = Release|x86
		{F9E5B396-4BCC-48C9-9AF6-592F627E92B4}.Release|iPhoneSimulator.ActiveCfg = Release|x86
		{F9E5B396-4BCC-48C9-9AF6-592F627E92B4}.Release|x64.ActiveCfg = Release|x64
		{F9E5B396-4BCC-48C9-9AF6-592F627E92B4}.Release|x64.Build.0 = Release|x64
		{F9E5B396-4BCC-48C9-9AF6-592F627E92B4}.Release|x64.Deploy.0 = Release|x64
		{F9E5B396-4BCC-48C9-9AF6-592F627E92B4}.Release|x86.ActiveCfg = Release|x86
		{F9E5B396-4BCC-48C9-9AF6-592F627E92B4}.Release|x86.Build.0 = Release|x86
		{F9E5B396-4BCC-48C9-9AF6-592F627E92B4}.Release|x86.Deploy.0 = Release|x86
	EndGlobalSection
	GlobalSection(SolutionProperties) = preSolution
		HideSolutionNode = FALSE
	EndGlobalSection
	GlobalSection(ExtensibilityGlobals) = postSolution
		SolutionGuid = {2E1ECAD5-5922-41B3-B6BA-4DBF8EDCF59B}
	EndGlobalSection
EndGlobal
