
Microsoft Visual Studio Solution File, Format Version 12.00
# Visual Studio 15
VisualStudioVersion = 15.0.27004.2009
MinimumVisualStudioVersion = 10.0.40219.1
Project("{9092AA53-FB77-4645-B42D-1CCCA6BD08BD}") = "NodejsWebApp1", "NodejsWebApp1\NodejsWebApp1.njsproj", "{B124BF01-D2C5-4615-A9AB-879CF85131D4}"
EndProject
Global
	GlobalSection(SolutionConfigurationPlatforms) = preSolution
		Debug|Any CPU = Debug|Any CPU
		Release|Any CPU = Release|Any CPU
	EndGlobalSection
	GlobalSection(ProjectConfigurationPlatforms) = postSolution
		{B124BF01-D2C5-4615-A9AB-879CF85131D4}.Debug|Any CPU.ActiveCfg = Debug|Any CPU
		{B124BF01-D2C5-4615-A9AB-879CF85131D4}.Debug|Any CPU.Build.0 = Debug|Any CPU
		{B124BF01-D2C5-4615-A9AB-879CF85131D4}.Release|Any CPU.ActiveCfg = Release|Any CPU
		{B124BF01-D2C5-4615-A9AB-879CF85131D4}.Release|Any CPU.Build.0 = Release|Any CPU
	EndGlobalSection
	GlobalSection(SolutionProperties) = preSolution
		HideSolutionNode = FALSE
	EndGlobalSection
	GlobalSection(ExtensibilityGlobals) = postSolution
		SolutionGuid = {A6589C3C-C06F-4606-86BA-2A47C77DB2B5}
	EndGlobalSection
EndGlobal
