
Microsoft Visual Studio Solution File, Format Version 12.00
# Visual Studio 15
VisualStudioVersion = 15.0.27004.2009
MinimumVisualStudioVersion = 10.0.40219.1
Project("{FAE04EC0-301F-11D3-BF4B-00C04F79EFBC}") = "ConsoleApp4", "ConsoleApp4\ConsoleApp4.csproj", "{E384AAD7-AD3F-4375-9C11-07D76C65124E}"
EndProject
Global
	GlobalSection(SolutionConfigurationPlatforms) = preSolution
		Debug|Any CPU = Debug|Any CPU
		Release|Any CPU = Release|Any CPU
	EndGlobalSection
	GlobalSection(ProjectConfigurationPlatforms) = postSolution
		{E384AAD7-AD3F-4375-9C11-07D76C65124E}.Debug|Any CPU.ActiveCfg = Debug|Any CPU
		{E384AAD7-AD3F-4375-9C11-07D76C65124E}.Debug|Any CPU.Build.0 = Debug|Any CPU
		{E384AAD7-AD3F-4375-9C11-07D76C65124E}.Release|Any CPU.ActiveCfg = Release|Any CPU
		{E384AAD7-AD3F-4375-9C11-07D76C65124E}.Release|Any CPU.Build.0 = Release|Any CPU
	EndGlobalSection
	GlobalSection(SolutionProperties) = preSolution
		HideSolutionNode = FALSE
	EndGlobalSection
	GlobalSection(ExtensibilityGlobals) = postSolution
		SolutionGuid = {38F1228F-C0DE-45E4-9A8A-A94CBE22AB63}
	EndGlobalSection
EndGlobal
